{
  "version": 4,
  "terraform_version": "1.4.2",
  "serial": 121,
  "lineage": "abd74ce7-0ce7-f931-ae77-3282b1c67758",
  "outputs": {
    "bootstrap_step_terraform_service_account_email": {
      "value": "sa-terraform-bootstrap@prj-b-seed-3858.iam.gserviceaccount.com",
      "type": "string"
    },
    "common_config": {
      "value": {
        "billing_account": "014A88-F67EB8-F56E07",
        "bootstrap_folder_name": "folders/1095990264402",
        "default_region": "us-central1",
        "folder_prefix": "fldr",
        "org_id": "659606641909",
        "parent_folder": "555960767904",
        "parent_id": "folders/555960767904",
        "project_prefix": "prj"
      },
      "type": [
        "object",
        {
          "billing_account": "string",
          "bootstrap_folder_name": "string",
          "default_region": "string",
          "folder_prefix": "string",
          "org_id": "string",
          "parent_folder": "string",
          "parent_id": "string",
          "project_prefix": "string"
        }
      ]
    },
    "environment_step_terraform_service_account_email": {
      "value": "sa-terraform-env@prj-b-seed-3858.iam.gserviceaccount.com",
      "type": "string"
    },
    "gcs_bucket_tfstate": {
      "value": "bkt-prj-b-seed-tfstate-888f",
      "type": "string"
    },
    "group_billing_admins": {
      "value": "group_billing_admins@simco.com",
      "type": "string"
    },
    "group_org_admins": {
      "value": "group_org_admins@simco.com",
      "type": "string"
    },
    "networks_step_terraform_service_account_email": {
      "value": "sa-terraform-net@prj-b-seed-3858.iam.gserviceaccount.com",
      "type": "string"
    },
    "optional_groups": {
      "value": {
        "gcp_audit_viewer": {
          "id": "group_audit_viewer@simco.com",
          "resource_name": "groups/01v1yuxt0wxn810"
        },
        "gcp_global_secrets_admin": {
          "id": "group_global_secrets_admin@simco.com",
          "resource_name": "groups/01pxezwc2rd4otm"
        },
        "gcp_network_viewer": {
          "id": "group_network_viewer@simco.com",
          "resource_name": "groups/00haapch409b57b"
        },
        "gcp_platform_viewer": {
          "id": "group_platform_viewer@simco.com",
          "resource_name": "groups/03tbugp11v3o09h"
        },
        "gcp_security_reviewer": {
          "id": "group_security_reviewer@simco.com",
          "resource_name": "groups/03cqmetx0z559w5"
        },
        "group_network_admins": {
          "id": "group_network_admins@simco.com",
          "resource_name": "groups/01tuee742i82l8x"
        }
      },
      "type": [
        "map",
        [
          "object",
          {
            "id": "string",
            "resource_name": "string"
          }
        ]
      ]
    },
    "organization_step_terraform_service_account_email": {
      "value": "sa-terraform-org@prj-b-seed-3858.iam.gserviceaccount.com",
      "type": "string"
    },
    "projects_step_terraform_service_account_email": {
      "value": "sa-terraform-proj@prj-b-seed-3858.iam.gserviceaccount.com",
      "type": "string"
    },
    "required_groups": {
      "value": {
        "audit_data_users": {
          "id": "group_audit_users@simco.com",
          "resource_name": "groups/049x2ik52qyx6w2"
        },
        "billing_data_users": {
          "id": "group_billing_users@simco.com",
          "resource_name": "groups/02r0uhxc4gt4oph"
        },
        "group_billing_admins": {
          "id": "group_billing_admins@simco.com",
          "resource_name": "groups/02fk6b3p2a05e8g"
        },
        "group_org_admins": {
          "id": "group_org_admins@simco.com",
          "resource_name": "groups/030j0zll2f9qdih"
        },
        "monitoring_workspace_users": {
          "id": "group_monitoring_user@simco.com",
          "resource_name": "groups/01qoc8b130cigd3"
        }
      },
      "type": [
        "map",
        [
          "object",
          {
            "id": "string",
            "resource_name": "string"
          }
        ]
      ]
    },
    "seed_project_id": {
      "value": "prj-b-seed-3858",
      "type": "string"
    }
  },
  "resources": [
    {
      "mode": "data",
      "type": "google_organization",
      "name": "org",
      "provider": "provider[\"registry.terraform.io/hashicorp/google\"]",
      "instances": [
        {
          "index_key": 0,
          "schema_version": 0,
          "attributes": {
            "create_time": "2017-02-02T19:37:49.971Z",
            "directory_customer_id": "C0158of42",
            "domain": "simco.com",
            "id": "organizations/659606641909",
            "lifecycle_state": "ACTIVE",
            "name": "organizations/659606641909",
            "org_id": "659606641909",
            "organization": "659606641909"
          },
          "sensitive_attributes": []
        }
      ]
    },
    {
      "mode": "managed",
      "type": "google_billing_account_iam_member",
      "name": "billing_admin_user",
      "provider": "provider[\"registry.terraform.io/hashicorp/google\"]",
      "instances": [
        {
          "index_key": "bootstrap",
          "schema_version": 0,
          "attributes": {
            "billing_account_id": "014A88-F67EB8-F56E07",
            "condition": [],
            "etag": "BwX3qAIZf2I=",
            "id": "014A88-F67EB8-F56E07/roles/billing.admin/serviceAccount:sa-terraform-bootstrap@prj-b-seed-3858.iam.gserviceaccount.com",
            "member": "serviceAccount:sa-terraform-bootstrap@prj-b-seed-3858.iam.gserviceaccount.com",
            "role": "roles/billing.admin"
          },
          "sensitive_attributes": [],
          "private": "bnVsbA==",
          "dependencies": [
            "google_billing_account_iam_member.tf_billing_user",
            "google_folder.bootstrap",
            "google_service_account.terraform-env-sa",
            "module.seed_bootstrap.google_folder_iam_member.tmp_project_creator",
            "module.seed_bootstrap.google_organization_iam_member.tmp_project_creator",
            "module.seed_bootstrap.module.seed_project.module.project-factory.google_compute_shared_vpc_host_project.shared_vpc_host",
            "module.seed_bootstrap.module.seed_project.module.project-factory.google_compute_shared_vpc_service_project.shared_vpc_attachment",
            "module.seed_bootstrap.module.seed_project.module.project-factory.google_project.main",
            "module.seed_bootstrap.module.seed_project.module.project-factory.module.project_services.data.google_compute_default_service_account.default",
            "module.seed_bootstrap.module.seed_project.module.project-factory.module.project_services.google_project_iam_member.project_service_identity_roles",
            "module.seed_bootstrap.module.seed_project.module.project-factory.module.project_services.google_project_service.project_services",
            "module.seed_bootstrap.module.seed_project.module.project-factory.module.project_services.google_project_service_identity.project_service_identities",
            "module.seed_bootstrap.module.seed_project.module.project-factory.random_id.random_project_id_suffix",
            "module.seed_bootstrap.module.seed_project.module.project-factory.random_string.random_project_id_suffix"
          ]
        },
        {
          "index_key": "env",
          "schema_version": 0,
          "attributes": {
            "billing_account_id": "014A88-F67EB8-F56E07",
            "condition": [],
            "etag": "BwX3qAIZf2I=",
            "id": "014A88-F67EB8-F56E07/roles/billing.admin/serviceAccount:sa-terraform-env@prj-b-seed-3858.iam.gserviceaccount.com",
            "member": "serviceAccount:sa-terraform-env@prj-b-seed-3858.iam.gserviceaccount.com",
            "role": "roles/billing.admin"
          },
          "sensitive_attributes": [],
          "private": "bnVsbA==",
          "dependencies": [
            "google_billing_account_iam_member.tf_billing_user",
            "google_folder.bootstrap",
            "google_service_account.terraform-env-sa",
            "module.seed_bootstrap.google_folder_iam_member.tmp_project_creator",
            "module.seed_bootstrap.google_organization_iam_member.tmp_project_creator",
            "module.seed_bootstrap.module.seed_project.module.project-factory.google_compute_shared_vpc_host_project.shared_vpc_host",
            "module.seed_bootstrap.module.seed_project.module.project-factory.google_compute_shared_vpc_service_project.shared_vpc_attachment",
            "module.seed_bootstrap.module.seed_project.module.project-factory.google_project.main",
            "module.seed_bootstrap.module.seed_project.module.project-factory.module.project_services.data.google_compute_default_service_account.default",
            "module.seed_bootstrap.module.seed_project.module.project-factory.module.project_services.google_project_iam_member.project_service_identity_roles",
            "module.seed_bootstrap.module.seed_project.module.project-factory.module.project_services.google_project_service.project_services",
            "module.seed_bootstrap.module.seed_project.module.project-factory.module.project_services.google_project_service_identity.project_service_identities",
            "module.seed_bootstrap.module.seed_project.module.project-factory.random_id.random_project_id_suffix",
            "module.seed_bootstrap.module.seed_project.module.project-factory.random_string.random_project_id_suffix"
          ]
        },
        {
          "index_key": "net",
          "schema_version": 0,
          "attributes": {
            "billing_account_id": "014A88-F67EB8-F56E07",
            "condition": [],
            "etag": "BwX3qAIZf2I=",
            "id": "014A88-F67EB8-F56E07/roles/billing.admin/serviceAccount:sa-terraform-net@prj-b-seed-3858.iam.gserviceaccount.com",
            "member": "serviceAccount:sa-terraform-net@prj-b-seed-3858.iam.gserviceaccount.com",
            "role": "roles/billing.admin"
          },
          "sensitive_attributes": [],
          "private": "bnVsbA==",
          "dependencies": [
            "google_billing_account_iam_member.tf_billing_user",
            "google_folder.bootstrap",
            "google_service_account.terraform-env-sa",
            "module.seed_bootstrap.google_folder_iam_member.tmp_project_creator",
            "module.seed_bootstrap.google_organization_iam_member.tmp_project_creator",
            "module.seed_bootstrap.module.seed_project.module.project-factory.google_compute_shared_vpc_host_project.shared_vpc_host",
            "module.seed_bootstrap.module.seed_project.module.project-factory.google_compute_shared_vpc_service_project.shared_vpc_attachment",
            "module.seed_bootstrap.module.seed_project.module.project-factory.google_project.main",
            "module.seed_bootstrap.module.seed_project.module.project-factory.module.project_services.data.google_compute_default_service_account.default",
            "module.seed_bootstrap.module.seed_project.module.project-factory.module.project_services.google_project_iam_member.project_service_identity_roles",
            "module.seed_bootstrap.module.seed_project.module.project-factory.module.project_services.google_project_service.project_services",
            "module.seed_bootstrap.module.seed_project.module.project-factory.module.project_services.google_project_service_identity.project_service_identities",
            "module.seed_bootstrap.module.seed_project.module.project-factory.random_id.random_project_id_suffix",
            "module.seed_bootstrap.module.seed_project.module.project-factory.random_string.random_project_id_suffix"
          ]
        },
        {
          "index_key": "org",
          "schema_version": 0,
          "attributes": {
            "billing_account_id": "014A88-F67EB8-F56E07",
            "condition": [],
            "etag": "BwX3qAGWbIE=",
            "id": "014A88-F67EB8-F56E07/roles/billing.admin/serviceAccount:sa-terraform-org@prj-b-seed-3858.iam.gserviceaccount.com",
            "member": "serviceAccount:sa-terraform-org@prj-b-seed-3858.iam.gserviceaccount.com",
            "role": "roles/billing.admin"
          },
          "sensitive_attributes": [],
          "private": "bnVsbA==",
          "dependencies": [
            "google_billing_account_iam_member.tf_billing_user",
            "google_folder.bootstrap",
            "google_service_account.terraform-env-sa",
            "module.seed_bootstrap.google_folder_iam_member.tmp_project_creator",
            "module.seed_bootstrap.google_organization_iam_member.tmp_project_creator",
            "module.seed_bootstrap.module.seed_project.module.project-factory.google_compute_shared_vpc_host_project.shared_vpc_host",
            "module.seed_bootstrap.module.seed_project.module.project-factory.google_compute_shared_vpc_service_project.shared_vpc_attachment",
            "module.seed_bootstrap.module.seed_project.module.project-factory.google_project.main",
            "module.seed_bootstrap.module.seed_project.module.project-factory.module.project_services.data.google_compute_default_service_account.default",
            "module.seed_bootstrap.module.seed_project.module.project-factory.module.project_services.google_project_iam_member.project_service_identity_roles",
            "module.seed_bootstrap.module.seed_project.module.project-factory.module.project_services.google_project_service.project_services",
            "module.seed_bootstrap.module.seed_project.module.project-factory.module.project_services.google_project_service_identity.project_service_identities",
            "module.seed_bootstrap.module.seed_project.module.project-factory.random_id.random_project_id_suffix",
            "module.seed_bootstrap.module.seed_project.module.project-factory.random_string.random_project_id_suffix"
          ]
        },
        {
          "index_key": "proj",
          "schema_version": 0,
          "attributes": {
            "billing_account_id": "014A88-F67EB8-F56E07",
            "condition": [],
            "etag": "BwX3qAHX1Qc=",
            "id": "014A88-F67EB8-F56E07/roles/billing.admin/serviceAccount:sa-terraform-proj@prj-b-seed-3858.iam.gserviceaccount.com",
            "member": "serviceAccount:sa-terraform-proj@prj-b-seed-3858.iam.gserviceaccount.com",
            "role": "roles/billing.admin"
          },
          "sensitive_attributes": [],
          "private": "bnVsbA==",
          "dependencies": [
            "google_billing_account_iam_member.tf_billing_user",
            "google_folder.bootstrap",
            "google_service_account.terraform-env-sa",
            "module.seed_bootstrap.google_folder_iam_member.tmp_project_creator",
            "module.seed_bootstrap.google_organization_iam_member.tmp_project_creator",
            "module.seed_bootstrap.module.seed_project.module.project-factory.google_compute_shared_vpc_host_project.shared_vpc_host",
            "module.seed_bootstrap.module.seed_project.module.project-factory.google_compute_shared_vpc_service_project.shared_vpc_attachment",
            "module.seed_bootstrap.module.seed_project.module.project-factory.google_project.main",
            "module.seed_bootstrap.module.seed_project.module.project-factory.module.project_services.data.google_compute_default_service_account.default",
            "module.seed_bootstrap.module.seed_project.module.project-factory.module.project_services.google_project_iam_member.project_service_identity_roles",
            "module.seed_bootstrap.module.seed_project.module.project-factory.module.project_services.google_project_service.project_services",
            "module.seed_bootstrap.module.seed_project.module.project-factory.module.project_services.google_project_service_identity.project_service_identities",
            "module.seed_bootstrap.module.seed_project.module.project-factory.random_id.random_project_id_suffix",
            "module.seed_bootstrap.module.seed_project.module.project-factory.random_string.random_project_id_suffix"
          ]
        }
      ]
    },
    {
      "mode": "managed",
      "type": "google_billing_account_iam_member",
      "name": "tf_billing_user",
      "provider": "provider[\"registry.terraform.io/hashicorp/google\"]",
      "instances": [
        {
          "index_key": "bootstrap",
          "schema_version": 0,
          "attributes": {
            "billing_account_id": "014A88-F67EB8-F56E07",
            "condition": [],
            "etag": "BwX3p/uIcog=",
            "id": "014A88-F67EB8-F56E07/roles/billing.user/serviceAccount:sa-terraform-bootstrap@prj-b-seed-3858.iam.gserviceaccount.com",
            "member": "serviceAccount:sa-terraform-bootstrap@prj-b-seed-3858.iam.gserviceaccount.com",
            "role": "roles/billing.user"
          },
          "sensitive_attributes": [],
          "private": "bnVsbA==",
          "dependencies": [
            "google_folder.bootstrap",
            "google_service_account.terraform-env-sa",
            "module.seed_bootstrap.google_folder_iam_member.tmp_project_creator",
            "module.seed_bootstrap.google_organization_iam_member.tmp_project_creator",
            "module.seed_bootstrap.module.seed_project.module.project-factory.google_compute_shared_vpc_host_project.shared_vpc_host",
            "module.seed_bootstrap.module.seed_project.module.project-factory.google_compute_shared_vpc_service_project.shared_vpc_attachment",
            "module.seed_bootstrap.module.seed_project.module.project-factory.google_project.main",
            "module.seed_bootstrap.module.seed_project.module.project-factory.module.project_services.data.google_compute_default_service_account.default",
            "module.seed_bootstrap.module.seed_project.module.project-factory.module.project_services.google_project_iam_member.project_service_identity_roles",
            "module.seed_bootstrap.module.seed_project.module.project-factory.module.project_services.google_project_service.project_services",
            "module.seed_bootstrap.module.seed_project.module.project-factory.module.project_services.google_project_service_identity.project_service_identities",
            "module.seed_bootstrap.module.seed_project.module.project-factory.random_id.random_project_id_suffix",
            "module.seed_bootstrap.module.seed_project.module.project-factory.random_string.random_project_id_suffix"
          ]
        },
        {
          "index_key": "env",
          "schema_version": 0,
          "attributes": {
            "billing_account_id": "014A88-F67EB8-F56E07",
            "condition": [],
            "etag": "BwX3p/uIcog=",
            "id": "014A88-F67EB8-F56E07/roles/billing.user/serviceAccount:sa-terraform-env@prj-b-seed-3858.iam.gserviceaccount.com",
            "member": "serviceAccount:sa-terraform-env@prj-b-seed-3858.iam.gserviceaccount.com",
            "role": "roles/billing.user"
          },
          "sensitive_attributes": [],
          "private": "bnVsbA==",
          "dependencies": [
            "google_folder.bootstrap",
            "google_service_account.terraform-env-sa",
            "module.seed_bootstrap.google_folder_iam_member.tmp_project_creator",
            "module.seed_bootstrap.google_organization_iam_member.tmp_project_creator",
            "module.seed_bootstrap.module.seed_project.module.project-factory.google_compute_shared_vpc_host_project.shared_vpc_host",
            "module.seed_bootstrap.module.seed_project.module.project-factory.google_compute_shared_vpc_service_project.shared_vpc_attachment",
            "module.seed_bootstrap.module.seed_project.module.project-factory.google_project.main",
            "module.seed_bootstrap.module.seed_project.module.project-factory.module.project_services.data.google_compute_default_service_account.default",
            "module.seed_bootstrap.module.seed_project.module.project-factory.module.project_services.google_project_iam_member.project_service_identity_roles",
            "module.seed_bootstrap.module.seed_project.module.project-factory.module.project_services.google_project_service.project_services",
            "module.seed_bootstrap.module.seed_project.module.project-factory.module.project_services.google_project_service_identity.project_service_identities",
            "module.seed_bootstrap.module.seed_project.module.project-factory.random_id.random_project_id_suffix",
            "module.seed_bootstrap.module.seed_project.module.project-factory.random_string.random_project_id_suffix"
          ]
        },
        {
          "index_key": "net",
          "schema_version": 0,
          "attributes": {
            "billing_account_id": "014A88-F67EB8-F56E07",
            "condition": [],
            "etag": "BwX3p/uIcog=",
            "id": "014A88-F67EB8-F56E07/roles/billing.user/serviceAccount:sa-terraform-net@prj-b-seed-3858.iam.gserviceaccount.com",
            "member": "serviceAccount:sa-terraform-net@prj-b-seed-3858.iam.gserviceaccount.com",
            "role": "roles/billing.user"
          },
          "sensitive_attributes": [],
          "private": "bnVsbA==",
          "dependencies": [
            "google_folder.bootstrap",
            "google_service_account.terraform-env-sa",
            "module.seed_bootstrap.google_folder_iam_member.tmp_project_creator",
            "module.seed_bootstrap.google_organization_iam_member.tmp_project_creator",
            "module.seed_bootstrap.module.seed_project.module.project-factory.google_compute_shared_vpc_host_project.shared_vpc_host",
            "module.seed_bootstrap.module.seed_project.module.project-factory.google_compute_shared_vpc_service_project.shared_vpc_attachment",
            "module.seed_bootstrap.module.seed_project.module.project-factory.google_project.main",
            "module.seed_bootstrap.module.seed_project.module.project-factory.module.project_services.data.google_compute_default_service_account.default",
            "module.seed_bootstrap.module.seed_project.module.project-factory.module.project_services.google_project_iam_member.project_service_identity_roles",
            "module.seed_bootstrap.module.seed_project.module.project-factory.module.project_services.google_project_service.project_services",
            "module.seed_bootstrap.module.seed_project.module.project-factory.module.project_services.google_project_service_identity.project_service_identities",
            "module.seed_bootstrap.module.seed_project.module.project-factory.random_id.random_project_id_suffix",
            "module.seed_bootstrap.module.seed_project.module.project-factory.random_string.random_project_id_suffix"
          ]
        },
        {
          "index_key": "org",
          "schema_version": 0,
          "attributes": {
            "billing_account_id": "014A88-F67EB8-F56E07",
            "condition": [],
            "etag": "BwX3p/uIcog=",
            "id": "014A88-F67EB8-F56E07/roles/billing.user/serviceAccount:sa-terraform-org@prj-b-seed-3858.iam.gserviceaccount.com",
            "member": "serviceAccount:sa-terraform-org@prj-b-seed-3858.iam.gserviceaccount.com",
            "role": "roles/billing.user"
          },
          "sensitive_attributes": [],
          "private": "bnVsbA==",
          "dependencies": [
            "google_folder.bootstrap",
            "google_service_account.terraform-env-sa",
            "module.seed_bootstrap.google_folder_iam_member.tmp_project_creator",
            "module.seed_bootstrap.google_organization_iam_member.tmp_project_creator",
            "module.seed_bootstrap.module.seed_project.module.project-factory.google_compute_shared_vpc_host_project.shared_vpc_host",
            "module.seed_bootstrap.module.seed_project.module.project-factory.google_compute_shared_vpc_service_project.shared_vpc_attachment",
            "module.seed_bootstrap.module.seed_project.module.project-factory.google_project.main",
            "module.seed_bootstrap.module.seed_project.module.project-factory.module.project_services.data.google_compute_default_service_account.default",
            "module.seed_bootstrap.module.seed_project.module.project-factory.module.project_services.google_project_iam_member.project_service_identity_roles",
            "module.seed_bootstrap.module.seed_project.module.project-factory.module.project_services.google_project_service.project_services",
            "module.seed_bootstrap.module.seed_project.module.project-factory.module.project_services.google_project_service_identity.project_service_identities",
            "module.seed_bootstrap.module.seed_project.module.project-factory.random_id.random_project_id_suffix",
            "module.seed_bootstrap.module.seed_project.module.project-factory.random_string.random_project_id_suffix"
          ]
        },
        {
          "index_key": "proj",
          "schema_version": 0,
          "attributes": {
            "billing_account_id": "014A88-F67EB8-F56E07",
            "condition": [],
            "etag": "BwX3p/uIcog=",
            "id": "014A88-F67EB8-F56E07/roles/billing.user/serviceAccount:sa-terraform-proj@prj-b-seed-3858.iam.gserviceaccount.com",
            "member": "serviceAccount:sa-terraform-proj@prj-b-seed-3858.iam.gserviceaccount.com",
            "role": "roles/billing.user"
          },
          "sensitive_attributes": [],
          "private": "bnVsbA==",
          "dependencies": [
            "google_folder.bootstrap",
            "google_service_account.terraform-env-sa",
            "module.seed_bootstrap.google_folder_iam_member.tmp_project_creator",
            "module.seed_bootstrap.google_organization_iam_member.tmp_project_creator",
            "module.seed_bootstrap.module.seed_project.module.project-factory.google_compute_shared_vpc_host_project.shared_vpc_host",
            "module.seed_bootstrap.module.seed_project.module.project-factory.google_compute_shared_vpc_service_project.shared_vpc_attachment",
            "module.seed_bootstrap.module.seed_project.module.project-factory.google_project.main",
            "module.seed_bootstrap.module.seed_project.module.project-factory.module.project_services.data.google_compute_default_service_account.default",
            "module.seed_bootstrap.module.seed_project.module.project-factory.module.project_services.google_project_iam_member.project_service_identity_roles",
            "module.seed_bootstrap.module.seed_project.module.project-factory.module.project_services.google_project_service.project_services",
            "module.seed_bootstrap.module.seed_project.module.project-factory.module.project_services.google_project_service_identity.project_service_identities",
            "module.seed_bootstrap.module.seed_project.module.project-factory.random_id.random_project_id_suffix",
            "module.seed_bootstrap.module.seed_project.module.project-factory.random_string.random_project_id_suffix"
          ]
        }
      ]
    },
    {
      "mode": "managed",
      "type": "google_folder",
      "name": "bootstrap",
      "provider": "provider[\"registry.terraform.io/hashicorp/google\"]",
      "instances": [
        {
          "schema_version": 0,
          "attributes": {
            "create_time": "2023-03-24T16:21:56.674Z",
            "display_name": "fldr-bootstrap",
            "folder_id": "1095990264402",
            "id": "folders/1095990264402",
            "lifecycle_state": "ACTIVE",
            "name": "folders/1095990264402",
            "parent": "folders/555960767904",
            "timeouts": null
          },
          "sensitive_attributes": [],
          "private": "eyJlMmJmYjczMC1lY2FhLTExZTYtOGY4OC0zNDM2M2JjN2M0YzAiOnsiY3JlYXRlIjoyNDAwMDAwMDAwMDAsImRlbGV0ZSI6MjQwMDAwMDAwMDAwLCJyZWFkIjoyNDAwMDAwMDAwMDAsInVwZGF0ZSI6MjQwMDAwMDAwMDAwfX0="
        }
      ]
    },
    {
      "mode": "managed",
      "type": "google_service_account",
      "name": "terraform-env-sa",
      "provider": "provider[\"registry.terraform.io/hashicorp/google\"]",
      "instances": [
        {
          "index_key": "bootstrap",
          "schema_version": 0,
          "attributes": {
            "account_id": "sa-terraform-bootstrap",
            "description": "",
            "disabled": false,
            "display_name": "Foundation Bootstrap SA. Managed by Terraform.",
            "email": "sa-terraform-bootstrap@prj-b-seed-3858.iam.gserviceaccount.com",
            "id": "projects/prj-b-seed-3858/serviceAccounts/sa-terraform-bootstrap@prj-b-seed-3858.iam.gserviceaccount.com",
            "member": "serviceAccount:sa-terraform-bootstrap@prj-b-seed-3858.iam.gserviceaccount.com",
            "name": "projects/prj-b-seed-3858/serviceAccounts/sa-terraform-bootstrap@prj-b-seed-3858.iam.gserviceaccount.com",
            "project": "prj-b-seed-3858",
            "timeouts": null,
            "unique_id": "104225479472979899213"
          },
          "sensitive_attributes": [],
          "private": "eyJlMmJmYjczMC1lY2FhLTExZTYtOGY4OC0zNDM2M2JjN2M0YzAiOnsiY3JlYXRlIjozMDAwMDAwMDAwMDB9fQ==",
          "dependencies": [
            "google_folder.bootstrap",
            "module.seed_bootstrap.google_folder_iam_member.tmp_project_creator",
            "module.seed_bootstrap.google_organization_iam_member.tmp_project_creator",
            "module.seed_bootstrap.module.seed_project.module.project-factory.google_compute_shared_vpc_host_project.shared_vpc_host",
            "module.seed_bootstrap.module.seed_project.module.project-factory.google_compute_shared_vpc_service_project.shared_vpc_attachment",
            "module.seed_bootstrap.module.seed_project.module.project-factory.google_project.main",
            "module.seed_bootstrap.module.seed_project.module.project-factory.module.project_services.data.google_compute_default_service_account.default",
            "module.seed_bootstrap.module.seed_project.module.project-factory.module.project_services.google_project_iam_member.project_service_identity_roles",
            "module.seed_bootstrap.module.seed_project.module.project-factory.module.project_services.google_project_service.project_services",
            "module.seed_bootstrap.module.seed_project.module.project-factory.module.project_services.google_project_service_identity.project_service_identities",
            "module.seed_bootstrap.module.seed_project.module.project-factory.random_id.random_project_id_suffix",
            "module.seed_bootstrap.module.seed_project.module.project-factory.random_string.random_project_id_suffix"
          ]
        },
        {
          "index_key": "env",
          "schema_version": 0,
          "attributes": {
            "account_id": "sa-terraform-env",
            "description": "",
            "disabled": false,
            "display_name": "Foundation Environment SA. Managed by Terraform.",
            "email": "sa-terraform-env@prj-b-seed-3858.iam.gserviceaccount.com",
            "id": "projects/prj-b-seed-3858/serviceAccounts/sa-terraform-env@prj-b-seed-3858.iam.gserviceaccount.com",
            "member": "serviceAccount:sa-terraform-env@prj-b-seed-3858.iam.gserviceaccount.com",
            "name": "projects/prj-b-seed-3858/serviceAccounts/sa-terraform-env@prj-b-seed-3858.iam.gserviceaccount.com",
            "project": "prj-b-seed-3858",
            "timeouts": null,
            "unique_id": "115995932155664705940"
          },
          "sensitive_attributes": [],
          "private": "eyJlMmJmYjczMC1lY2FhLTExZTYtOGY4OC0zNDM2M2JjN2M0YzAiOnsiY3JlYXRlIjozMDAwMDAwMDAwMDB9fQ==",
          "dependencies": [
            "google_folder.bootstrap",
            "module.seed_bootstrap.google_folder_iam_member.tmp_project_creator",
            "module.seed_bootstrap.google_organization_iam_member.tmp_project_creator",
            "module.seed_bootstrap.module.seed_project.module.project-factory.google_compute_shared_vpc_host_project.shared_vpc_host",
            "module.seed_bootstrap.module.seed_project.module.project-factory.google_compute_shared_vpc_service_project.shared_vpc_attachment",
            "module.seed_bootstrap.module.seed_project.module.project-factory.google_project.main",
            "module.seed_bootstrap.module.seed_project.module.project-factory.module.project_services.data.google_compute_default_service_account.default",
            "module.seed_bootstrap.module.seed_project.module.project-factory.module.project_services.google_project_iam_member.project_service_identity_roles",
            "module.seed_bootstrap.module.seed_project.module.project-factory.module.project_services.google_project_service.project_services",
            "module.seed_bootstrap.module.seed_project.module.project-factory.module.project_services.google_project_service_identity.project_service_identities",
            "module.seed_bootstrap.module.seed_project.module.project-factory.random_id.random_project_id_suffix",
            "module.seed_bootstrap.module.seed_project.module.project-factory.random_string.random_project_id_suffix"
          ]
        },
        {
          "index_key": "net",
          "schema_version": 0,
          "attributes": {
            "account_id": "sa-terraform-net",
            "description": "",
            "disabled": false,
            "display_name": "Foundation Network SA. Managed by Terraform.",
            "email": "sa-terraform-net@prj-b-seed-3858.iam.gserviceaccount.com",
            "id": "projects/prj-b-seed-3858/serviceAccounts/sa-terraform-net@prj-b-seed-3858.iam.gserviceaccount.com",
            "member": "serviceAccount:sa-terraform-net@prj-b-seed-3858.iam.gserviceaccount.com",
            "name": "projects/prj-b-seed-3858/serviceAccounts/sa-terraform-net@prj-b-seed-3858.iam.gserviceaccount.com",
            "project": "prj-b-seed-3858",
            "timeouts": null,
            "unique_id": "108435845621762281158"
          },
          "sensitive_attributes": [],
          "private": "eyJlMmJmYjczMC1lY2FhLTExZTYtOGY4OC0zNDM2M2JjN2M0YzAiOnsiY3JlYXRlIjozMDAwMDAwMDAwMDB9fQ==",
          "dependencies": [
            "google_folder.bootstrap",
            "module.seed_bootstrap.google_folder_iam_member.tmp_project_creator",
            "module.seed_bootstrap.google_organization_iam_member.tmp_project_creator",
            "module.seed_bootstrap.module.seed_project.module.project-factory.google_compute_shared_vpc_host_project.shared_vpc_host",
            "module.seed_bootstrap.module.seed_project.module.project-factory.google_compute_shared_vpc_service_project.shared_vpc_attachment",
            "module.seed_bootstrap.module.seed_project.module.project-factory.google_project.main",
            "module.seed_bootstrap.module.seed_project.module.project-factory.module.project_services.data.google_compute_default_service_account.default",
            "module.seed_bootstrap.module.seed_project.module.project-factory.module.project_services.google_project_iam_member.project_service_identity_roles",
            "module.seed_bootstrap.module.seed_project.module.project-factory.module.project_services.google_project_service.project_services",
            "module.seed_bootstrap.module.seed_project.module.project-factory.module.project_services.google_project_service_identity.project_service_identities",
            "module.seed_bootstrap.module.seed_project.module.project-factory.random_id.random_project_id_suffix",
            "module.seed_bootstrap.module.seed_project.module.project-factory.random_string.random_project_id_suffix"
          ]
        },
        {
          "index_key": "org",
          "schema_version": 0,
          "attributes": {
            "account_id": "sa-terraform-org",
            "description": "",
            "disabled": false,
            "display_name": "Foundation Organization SA. Managed by Terraform.",
            "email": "sa-terraform-org@prj-b-seed-3858.iam.gserviceaccount.com",
            "id": "projects/prj-b-seed-3858/serviceAccounts/sa-terraform-org@prj-b-seed-3858.iam.gserviceaccount.com",
            "member": "serviceAccount:sa-terraform-org@prj-b-seed-3858.iam.gserviceaccount.com",
            "name": "projects/prj-b-seed-3858/serviceAccounts/sa-terraform-org@prj-b-seed-3858.iam.gserviceaccount.com",
            "project": "prj-b-seed-3858",
            "timeouts": null,
            "unique_id": "112529782752464461768"
          },
          "sensitive_attributes": [],
          "private": "eyJlMmJmYjczMC1lY2FhLTExZTYtOGY4OC0zNDM2M2JjN2M0YzAiOnsiY3JlYXRlIjozMDAwMDAwMDAwMDB9fQ==",
          "dependencies": [
            "google_folder.bootstrap",
            "module.seed_bootstrap.google_folder_iam_member.tmp_project_creator",
            "module.seed_bootstrap.google_organization_iam_member.tmp_project_creator",
            "module.seed_bootstrap.module.seed_project.module.project-factory.google_compute_shared_vpc_host_project.shared_vpc_host",
            "module.seed_bootstrap.module.seed_project.module.project-factory.google_compute_shared_vpc_service_project.shared_vpc_attachment",
            "module.seed_bootstrap.module.seed_project.module.project-factory.google_project.main",
            "module.seed_bootstrap.module.seed_project.module.project-factory.module.project_services.data.google_compute_default_service_account.default",
            "module.seed_bootstrap.module.seed_project.module.project-factory.module.project_services.google_project_iam_member.project_service_identity_roles",
            "module.seed_bootstrap.module.seed_project.module.project-factory.module.project_services.google_project_service.project_services",
            "module.seed_bootstrap.module.seed_project.module.project-factory.module.project_services.google_project_service_identity.project_service_identities",
            "module.seed_bootstrap.module.seed_project.module.project-factory.random_id.random_project_id_suffix",
            "module.seed_bootstrap.module.seed_project.module.project-factory.random_string.random_project_id_suffix"
          ]
        },
        {
          "index_key": "proj",
          "schema_version": 0,
          "attributes": {
            "account_id": "sa-terraform-proj",
            "description": "",
            "disabled": false,
            "display_name": "Foundation Projects SA. Managed by Terraform.",
            "email": "sa-terraform-proj@prj-b-seed-3858.iam.gserviceaccount.com",
            "id": "projects/prj-b-seed-3858/serviceAccounts/sa-terraform-proj@prj-b-seed-3858.iam.gserviceaccount.com",
            "member": "serviceAccount:sa-terraform-proj@prj-b-seed-3858.iam.gserviceaccount.com",
            "name": "projects/prj-b-seed-3858/serviceAccounts/sa-terraform-proj@prj-b-seed-3858.iam.gserviceaccount.com",
            "project": "prj-b-seed-3858",
            "timeouts": null,
            "unique_id": "113645743669529182541"
          },
          "sensitive_attributes": [],
          "private": "eyJlMmJmYjczMC1lY2FhLTExZTYtOGY4OC0zNDM2M2JjN2M0YzAiOnsiY3JlYXRlIjozMDAwMDAwMDAwMDB9fQ==",
          "dependencies": [
            "google_folder.bootstrap",
            "module.seed_bootstrap.google_folder_iam_member.tmp_project_creator",
            "module.seed_bootstrap.google_organization_iam_member.tmp_project_creator",
            "module.seed_bootstrap.module.seed_project.module.project-factory.google_compute_shared_vpc_host_project.shared_vpc_host",
            "module.seed_bootstrap.module.seed_project.module.project-factory.google_compute_shared_vpc_service_project.shared_vpc_attachment",
            "module.seed_bootstrap.module.seed_project.module.project-factory.google_project.main",
            "module.seed_bootstrap.module.seed_project.module.project-factory.module.project_services.data.google_compute_default_service_account.default",
            "module.seed_bootstrap.module.seed_project.module.project-factory.module.project_services.google_project_iam_member.project_service_identity_roles",
            "module.seed_bootstrap.module.seed_project.module.project-factory.module.project_services.google_project_service.project_services",
            "module.seed_bootstrap.module.seed_project.module.project-factory.module.project_services.google_project_service_identity.project_service_identities",
            "module.seed_bootstrap.module.seed_project.module.project-factory.random_id.random_project_id_suffix",
            "module.seed_bootstrap.module.seed_project.module.project-factory.random_string.random_project_id_suffix"
          ]
        }
      ]
    },
    {
      "module": "module.bootstrap_projects_remove_editor[\"seed\"]",
      "mode": "managed",
      "type": "google_project_iam_binding",
      "name": "iam_remove",
      "provider": "provider[\"registry.terraform.io/hashicorp/google\"]",
      "instances": [
        {
          "index_key": "roles/editor",
          "schema_version": 0,
          "attributes": {
            "condition": [],
            "etag": null,
            "id": "prj-b-seed-3858/roles/editor",
            "members": null,
            "project": "prj-b-seed-3858",
            "role": "roles/editor"
          },
          "sensitive_attributes": [],
          "private": "bnVsbA==",
          "dependencies": [
            "google_folder.bootstrap",
            "google_service_account.terraform-env-sa",
            "module.seed_bootstrap.google_folder_iam_member.tmp_project_creator",
            "module.seed_bootstrap.google_organization_iam_member.tmp_project_creator",
            "module.seed_bootstrap.module.seed_project.module.project-factory.google_compute_shared_vpc_host_project.shared_vpc_host",
            "module.seed_bootstrap.module.seed_project.module.project-factory.google_compute_shared_vpc_service_project.shared_vpc_attachment",
            "module.seed_bootstrap.module.seed_project.module.project-factory.google_project.main",
            "module.seed_bootstrap.module.seed_project.module.project-factory.module.project_services.data.google_compute_default_service_account.default",
            "module.seed_bootstrap.module.seed_project.module.project-factory.module.project_services.google_project_iam_member.project_service_identity_roles",
            "module.seed_bootstrap.module.seed_project.module.project-factory.module.project_services.google_project_service.project_services",
            "module.seed_bootstrap.module.seed_project.module.project-factory.module.project_services.google_project_service_identity.project_service_identities",
            "module.seed_bootstrap.module.seed_project.module.project-factory.random_id.random_project_id_suffix",
            "module.seed_bootstrap.module.seed_project.module.project-factory.random_string.random_project_id_suffix",
            "module.seed_project_iam_member.google_folder_iam_member.folder_parent_iam",
            "module.seed_project_iam_member.google_organization_iam_member.org_parent_iam",
            "module.seed_project_iam_member.google_project_iam_member.project_parent_iam"
          ]
        }
      ]
    },
    {
      "module": "module.optional_group[\"gcp_audit_viewer\"]",
      "mode": "managed",
      "type": "google_cloud_identity_group",
      "name": "group",
      "provider": "provider[\"registry.terraform.io/hashicorp/google-beta\"]",
      "instances": [
        {
          "schema_version": 0,
          "attributes": {
            "create_time": "2023-03-24T16:21:56.602882Z",
            "description": "gcp_audit_viewer",
            "display_name": "gcp_audit_viewer",
            "group_key": [
              {
                "id": "group_audit_viewer@simco.com",
                "namespace": ""
              }
            ],
            "id": "groups/01v1yuxt0wxn810",
            "initial_group_config": "WITH_INITIAL_OWNER",
            "labels": {
              "cloudidentity.googleapis.com/groups.discussion_forum": ""
            },
            "name": "groups/01v1yuxt0wxn810",
            "parent": "customers/C0158of42",
            "timeouts": null,
            "update_time": "2023-03-24T16:21:56.602882Z"
          },
          "sensitive_attributes": [],
          "private": "eyJlMmJmYjczMC1lY2FhLTExZTYtOGY4OC0zNDM2M2JjN2M0YzAiOnsiY3JlYXRlIjoxMjAwMDAwMDAwMDAwLCJkZWxldGUiOjEyMDAwMDAwMDAwMDAsInVwZGF0ZSI6MTIwMDAwMDAwMDAwMH19",
          "dependencies": [
            "data.google_organization.org",
            "module.optional_group.data.google_organization.org"
          ]
        }
      ]
    },
    {
      "module": "module.optional_group[\"gcp_global_secrets_admin\"]",
      "mode": "managed",
      "type": "google_cloud_identity_group",
      "name": "group",
      "provider": "provider[\"registry.terraform.io/hashicorp/google-beta\"]",
      "instances": [
        {
          "schema_version": 0,
          "attributes": {
            "create_time": "2023-03-24T16:21:57.178582Z",
            "description": "gcp_global_secrets_admin",
            "display_name": "gcp_global_secrets_admin",
            "group_key": [
              {
                "id": "group_global_secrets_admin@simco.com",
                "namespace": ""
              }
            ],
            "id": "groups/01pxezwc2rd4otm",
            "initial_group_config": "WITH_INITIAL_OWNER",
            "labels": {
              "cloudidentity.googleapis.com/groups.discussion_forum": ""
            },
            "name": "groups/01pxezwc2rd4otm",
            "parent": "customers/C0158of42",
            "timeouts": null,
            "update_time": "2023-03-24T16:21:57.178582Z"
          },
          "sensitive_attributes": [],
          "private": "eyJlMmJmYjczMC1lY2FhLTExZTYtOGY4OC0zNDM2M2JjN2M0YzAiOnsiY3JlYXRlIjoxMjAwMDAwMDAwMDAwLCJkZWxldGUiOjEyMDAwMDAwMDAwMDAsInVwZGF0ZSI6MTIwMDAwMDAwMDAwMH19",
          "dependencies": [
            "data.google_organization.org",
            "module.optional_group.data.google_organization.org"
          ]
        }
      ]
    },
    {
      "module": "module.optional_group[\"gcp_network_viewer\"]",
      "mode": "managed",
      "type": "google_cloud_identity_group",
      "name": "group",
      "provider": "provider[\"registry.terraform.io/hashicorp/google-beta\"]",
      "instances": [
        {
          "schema_version": 0,
          "attributes": {
            "create_time": "2023-03-24T16:22:03.935746Z",
            "description": "gcp_network_viewer",
            "display_name": "gcp_network_viewer",
            "group_key": [
              {
                "id": "group_network_viewer@simco.com",
                "namespace": ""
              }
            ],
            "id": "groups/00haapch409b57b",
            "initial_group_config": "WITH_INITIAL_OWNER",
            "labels": {
              "cloudidentity.googleapis.com/groups.discussion_forum": ""
            },
            "name": "groups/00haapch409b57b",
            "parent": "customers/C0158of42",
            "timeouts": null,
            "update_time": "2023-03-24T16:22:03.935746Z"
          },
          "sensitive_attributes": [],
          "private": "eyJlMmJmYjczMC1lY2FhLTExZTYtOGY4OC0zNDM2M2JjN2M0YzAiOnsiY3JlYXRlIjoxMjAwMDAwMDAwMDAwLCJkZWxldGUiOjEyMDAwMDAwMDAwMDAsInVwZGF0ZSI6MTIwMDAwMDAwMDAwMH19",
          "dependencies": [
            "data.google_organization.org",
            "module.optional_group.data.google_organization.org"
          ]
        }
      ]
    },
    {
      "module": "module.optional_group[\"gcp_platform_viewer\"]",
      "mode": "managed",
      "type": "google_cloud_identity_group",
      "name": "group",
      "provider": "provider[\"registry.terraform.io/hashicorp/google-beta\"]",
      "instances": [
        {
          "schema_version": 0,
          "attributes": {
            "create_time": "2023-03-24T16:22:01.485124Z",
            "description": "gcp_platform_viewer",
            "display_name": "gcp_platform_viewer",
            "group_key": [
              {
                "id": "group_platform_viewer@simco.com",
                "namespace": ""
              }
            ],
            "id": "groups/03tbugp11v3o09h",
            "initial_group_config": "WITH_INITIAL_OWNER",
            "labels": {
              "cloudidentity.googleapis.com/groups.discussion_forum": ""
            },
            "name": "groups/03tbugp11v3o09h",
            "parent": "customers/C0158of42",
            "timeouts": null,
            "update_time": "2023-03-24T16:22:01.485124Z"
          },
          "sensitive_attributes": [],
          "private": "eyJlMmJmYjczMC1lY2FhLTExZTYtOGY4OC0zNDM2M2JjN2M0YzAiOnsiY3JlYXRlIjoxMjAwMDAwMDAwMDAwLCJkZWxldGUiOjEyMDAwMDAwMDAwMDAsInVwZGF0ZSI6MTIwMDAwMDAwMDAwMH19",
          "dependencies": [
            "data.google_organization.org",
            "module.optional_group.data.google_organization.org"
          ]
        }
      ]
    },
    {
      "module": "module.optional_group[\"gcp_security_reviewer\"]",
      "mode": "managed",
      "type": "google_cloud_identity_group",
      "name": "group",
      "provider": "provider[\"registry.terraform.io/hashicorp/google-beta\"]",
      "instances": [
        {
          "schema_version": 0,
          "attributes": {
            "create_time": "2023-03-24T16:21:56.820657Z",
            "description": "gcp_security_reviewer",
            "display_name": "gcp_security_reviewer",
            "group_key": [
              {
                "id": "group_security_reviewer@simco.com",
                "namespace": ""
              }
            ],
            "id": "groups/03cqmetx0z559w5",
            "initial_group_config": "WITH_INITIAL_OWNER",
            "labels": {
              "cloudidentity.googleapis.com/groups.discussion_forum": ""
            },
            "name": "groups/03cqmetx0z559w5",
            "parent": "customers/C0158of42",
            "timeouts": null,
            "update_time": "2023-03-24T16:21:56.820657Z"
          },
          "sensitive_attributes": [],
          "private": "eyJlMmJmYjczMC1lY2FhLTExZTYtOGY4OC0zNDM2M2JjN2M0YzAiOnsiY3JlYXRlIjoxMjAwMDAwMDAwMDAwLCJkZWxldGUiOjEyMDAwMDAwMDAwMDAsInVwZGF0ZSI6MTIwMDAwMDAwMDAwMH19",
          "dependencies": [
            "data.google_organization.org",
            "module.optional_group.data.google_organization.org"
          ]
        }
      ]
    },
    {
      "module": "module.optional_group[\"group_network_admins\"]",
      "mode": "managed",
      "type": "google_cloud_identity_group",
      "name": "group",
      "provider": "provider[\"registry.terraform.io/hashicorp/google-beta\"]",
      "instances": [
        {
          "schema_version": 0,
          "attributes": {
            "create_time": "2023-03-24T16:21:57.789185Z",
            "description": "group_network_admins",
            "display_name": "group_network_admins",
            "group_key": [
              {
                "id": "group_network_admins@simco.com",
                "namespace": ""
              }
            ],
            "id": "groups/01tuee742i82l8x",
            "initial_group_config": "WITH_INITIAL_OWNER",
            "labels": {
              "cloudidentity.googleapis.com/groups.discussion_forum": ""
            },
            "name": "groups/01tuee742i82l8x",
            "parent": "customers/C0158of42",
            "timeouts": null,
            "update_time": "2023-03-24T16:21:57.789185Z"
          },
          "sensitive_attributes": [],
          "private": "eyJlMmJmYjczMC1lY2FhLTExZTYtOGY4OC0zNDM2M2JjN2M0YzAiOnsiY3JlYXRlIjoxMjAwMDAwMDAwMDAwLCJkZWxldGUiOjEyMDAwMDAwMDAwMDAsInVwZGF0ZSI6MTIwMDAwMDAwMDAwMH19",
          "dependencies": [
            "data.google_organization.org",
            "module.optional_group.data.google_organization.org"
          ]
        }
      ]
    },
    {
      "module": "module.org_iam_member[\"bootstrap\"]",
      "mode": "managed",
      "type": "google_organization_iam_member",
      "name": "org_parent_iam",
      "provider": "provider[\"registry.terraform.io/hashicorp/google\"]",
      "instances": [
        {
          "index_key": "roles/accesscontextmanager.policyAdmin",
          "schema_version": 0,
          "attributes": {
            "condition": [],
            "etag": "BwX3qAB8Ygc=",
            "id": "659606641909/roles/accesscontextmanager.policyAdmin/serviceAccount:sa-terraform-bootstrap@prj-b-seed-3858.iam.gserviceaccount.com",
            "member": "serviceAccount:sa-terraform-bootstrap@prj-b-seed-3858.iam.gserviceaccount.com",
            "org_id": "659606641909",
            "role": "roles/accesscontextmanager.policyAdmin"
          },
          "sensitive_attributes": [],
          "private": "bnVsbA==",
          "dependencies": [
            "google_folder.bootstrap",
            "google_service_account.terraform-env-sa",
            "module.seed_bootstrap.google_folder_iam_member.tmp_project_creator",
            "module.seed_bootstrap.google_organization_iam_member.tmp_project_creator",
            "module.seed_bootstrap.module.seed_project.module.project-factory.google_compute_shared_vpc_host_project.shared_vpc_host",
            "module.seed_bootstrap.module.seed_project.module.project-factory.google_compute_shared_vpc_service_project.shared_vpc_attachment",
            "module.seed_bootstrap.module.seed_project.module.project-factory.google_project.main",
            "module.seed_bootstrap.module.seed_project.module.project-factory.module.project_services.data.google_compute_default_service_account.default",
            "module.seed_bootstrap.module.seed_project.module.project-factory.module.project_services.google_project_iam_member.project_service_identity_roles",
            "module.seed_bootstrap.module.seed_project.module.project-factory.module.project_services.google_project_service.project_services",
            "module.seed_bootstrap.module.seed_project.module.project-factory.module.project_services.google_project_service_identity.project_service_identities",
            "module.seed_bootstrap.module.seed_project.module.project-factory.random_id.random_project_id_suffix",
            "module.seed_bootstrap.module.seed_project.module.project-factory.random_string.random_project_id_suffix"
          ]
        },
        {
          "index_key": "roles/browser",
          "schema_version": 0,
          "attributes": {
            "condition": [],
            "etag": "BwX3qAB8Ygc=",
            "id": "659606641909/roles/browser/serviceAccount:sa-terraform-bootstrap@prj-b-seed-3858.iam.gserviceaccount.com",
            "member": "serviceAccount:sa-terraform-bootstrap@prj-b-seed-3858.iam.gserviceaccount.com",
            "org_id": "659606641909",
            "role": "roles/browser"
          },
          "sensitive_attributes": [],
          "private": "bnVsbA==",
          "dependencies": [
            "google_folder.bootstrap",
            "google_service_account.terraform-env-sa",
            "module.seed_bootstrap.google_folder_iam_member.tmp_project_creator",
            "module.seed_bootstrap.google_organization_iam_member.tmp_project_creator",
            "module.seed_bootstrap.module.seed_project.module.project-factory.google_compute_shared_vpc_host_project.shared_vpc_host",
            "module.seed_bootstrap.module.seed_project.module.project-factory.google_compute_shared_vpc_service_project.shared_vpc_attachment",
            "module.seed_bootstrap.module.seed_project.module.project-factory.google_project.main",
            "module.seed_bootstrap.module.seed_project.module.project-factory.module.project_services.data.google_compute_default_service_account.default",
            "module.seed_bootstrap.module.seed_project.module.project-factory.module.project_services.google_project_iam_member.project_service_identity_roles",
            "module.seed_bootstrap.module.seed_project.module.project-factory.module.project_services.google_project_service.project_services",
            "module.seed_bootstrap.module.seed_project.module.project-factory.module.project_services.google_project_service_identity.project_service_identities",
            "module.seed_bootstrap.module.seed_project.module.project-factory.random_id.random_project_id_suffix",
            "module.seed_bootstrap.module.seed_project.module.project-factory.random_string.random_project_id_suffix"
          ]
        },
        {
          "index_key": "roles/resourcemanager.organizationAdmin",
          "schema_version": 0,
          "attributes": {
            "condition": [],
            "etag": "BwX3p/4DOkA=",
            "id": "659606641909/roles/resourcemanager.organizationAdmin/serviceAccount:sa-terraform-bootstrap@prj-b-seed-3858.iam.gserviceaccount.com",
            "member": "serviceAccount:sa-terraform-bootstrap@prj-b-seed-3858.iam.gserviceaccount.com",
            "org_id": "659606641909",
            "role": "roles/resourcemanager.organizationAdmin"
          },
          "sensitive_attributes": [],
          "private": "bnVsbA==",
          "dependencies": [
            "google_folder.bootstrap",
            "google_service_account.terraform-env-sa",
            "module.seed_bootstrap.google_folder_iam_member.tmp_project_creator",
            "module.seed_bootstrap.google_organization_iam_member.tmp_project_creator",
            "module.seed_bootstrap.module.seed_project.module.project-factory.google_compute_shared_vpc_host_project.shared_vpc_host",
            "module.seed_bootstrap.module.seed_project.module.project-factory.google_compute_shared_vpc_service_project.shared_vpc_attachment",
            "module.seed_bootstrap.module.seed_project.module.project-factory.google_project.main",
            "module.seed_bootstrap.module.seed_project.module.project-factory.module.project_services.data.google_compute_default_service_account.default",
            "module.seed_bootstrap.module.seed_project.module.project-factory.module.project_services.google_project_iam_member.project_service_identity_roles",
            "module.seed_bootstrap.module.seed_project.module.project-factory.module.project_services.google_project_service.project_services",
            "module.seed_bootstrap.module.seed_project.module.project-factory.module.project_services.google_project_service_identity.project_service_identities",
            "module.seed_bootstrap.module.seed_project.module.project-factory.random_id.random_project_id_suffix",
            "module.seed_bootstrap.module.seed_project.module.project-factory.random_string.random_project_id_suffix"
          ]
        },
        {
          "index_key": "roles/serviceusage.serviceUsageConsumer",
          "schema_version": 0,
          "attributes": {
            "condition": [],
            "etag": "BwX3p/4DOkA=",
            "id": "659606641909/roles/serviceusage.serviceUsageConsumer/serviceAccount:sa-terraform-bootstrap@prj-b-seed-3858.iam.gserviceaccount.com",
            "member": "serviceAccount:sa-terraform-bootstrap@prj-b-seed-3858.iam.gserviceaccount.com",
            "org_id": "659606641909",
            "role": "roles/serviceusage.serviceUsageConsumer"
          },
          "sensitive_attributes": [],
          "private": "bnVsbA==",
          "dependencies": [
            "google_folder.bootstrap",
            "google_service_account.terraform-env-sa",
            "module.seed_bootstrap.google_folder_iam_member.tmp_project_creator",
            "module.seed_bootstrap.google_organization_iam_member.tmp_project_creator",
            "module.seed_bootstrap.module.seed_project.module.project-factory.google_compute_shared_vpc_host_project.shared_vpc_host",
            "module.seed_bootstrap.module.seed_project.module.project-factory.google_compute_shared_vpc_service_project.shared_vpc_attachment",
            "module.seed_bootstrap.module.seed_project.module.project-factory.google_project.main",
            "module.seed_bootstrap.module.seed_project.module.project-factory.module.project_services.data.google_compute_default_service_account.default",
            "module.seed_bootstrap.module.seed_project.module.project-factory.module.project_services.google_project_iam_member.project_service_identity_roles",
            "module.seed_bootstrap.module.seed_project.module.project-factory.module.project_services.google_project_service.project_services",
            "module.seed_bootstrap.module.seed_project.module.project-factory.module.project_services.google_project_service_identity.project_service_identities",
            "module.seed_bootstrap.module.seed_project.module.project-factory.random_id.random_project_id_suffix",
            "module.seed_bootstrap.module.seed_project.module.project-factory.random_string.random_project_id_suffix"
          ]
        }
      ]
    },
    {
      "module": "module.org_iam_member[\"env\"]",
      "mode": "managed",
      "type": "google_organization_iam_member",
      "name": "org_parent_iam",
      "provider": "provider[\"registry.terraform.io/hashicorp/google\"]",
      "instances": [
        {
          "index_key": "roles/assuredworkloads.admin",
          "schema_version": 0,
          "attributes": {
            "condition": [],
            "etag": "BwX3p/4DOkA=",
            "id": "659606641909/roles/assuredworkloads.admin/serviceAccount:sa-terraform-env@prj-b-seed-3858.iam.gserviceaccount.com",
            "member": "serviceAccount:sa-terraform-env@prj-b-seed-3858.iam.gserviceaccount.com",
            "org_id": "659606641909",
            "role": "roles/assuredworkloads.admin"
          },
          "sensitive_attributes": [],
          "private": "bnVsbA==",
          "dependencies": [
            "google_folder.bootstrap",
            "google_service_account.terraform-env-sa",
            "module.seed_bootstrap.google_folder_iam_member.tmp_project_creator",
            "module.seed_bootstrap.google_organization_iam_member.tmp_project_creator",
            "module.seed_bootstrap.module.seed_project.module.project-factory.google_compute_shared_vpc_host_project.shared_vpc_host",
            "module.seed_bootstrap.module.seed_project.module.project-factory.google_compute_shared_vpc_service_project.shared_vpc_attachment",
            "module.seed_bootstrap.module.seed_project.module.project-factory.google_project.main",
            "module.seed_bootstrap.module.seed_project.module.project-factory.module.project_services.data.google_compute_default_service_account.default",
            "module.seed_bootstrap.module.seed_project.module.project-factory.module.project_services.google_project_iam_member.project_service_identity_roles",
            "module.seed_bootstrap.module.seed_project.module.project-factory.module.project_services.google_project_service.project_services",
            "module.seed_bootstrap.module.seed_project.module.project-factory.module.project_services.google_project_service_identity.project_service_identities",
            "module.seed_bootstrap.module.seed_project.module.project-factory.random_id.random_project_id_suffix",
            "module.seed_bootstrap.module.seed_project.module.project-factory.random_string.random_project_id_suffix"
          ]
        },
        {
          "index_key": "roles/browser",
          "schema_version": 0,
          "attributes": {
            "condition": [],
            "etag": "BwX3p//3qCg=",
            "id": "659606641909/roles/browser/serviceAccount:sa-terraform-env@prj-b-seed-3858.iam.gserviceaccount.com",
            "member": "serviceAccount:sa-terraform-env@prj-b-seed-3858.iam.gserviceaccount.com",
            "org_id": "659606641909",
            "role": "roles/browser"
          },
          "sensitive_attributes": [],
          "private": "bnVsbA==",
          "dependencies": [
            "google_folder.bootstrap",
            "google_service_account.terraform-env-sa",
            "module.seed_bootstrap.google_folder_iam_member.tmp_project_creator",
            "module.seed_bootstrap.google_organization_iam_member.tmp_project_creator",
            "module.seed_bootstrap.module.seed_project.module.project-factory.google_compute_shared_vpc_host_project.shared_vpc_host",
            "module.seed_bootstrap.module.seed_project.module.project-factory.google_compute_shared_vpc_service_project.shared_vpc_attachment",
            "module.seed_bootstrap.module.seed_project.module.project-factory.google_project.main",
            "module.seed_bootstrap.module.seed_project.module.project-factory.module.project_services.data.google_compute_default_service_account.default",
            "module.seed_bootstrap.module.seed_project.module.project-factory.module.project_services.google_project_iam_member.project_service_identity_roles",
            "module.seed_bootstrap.module.seed_project.module.project-factory.module.project_services.google_project_service.project_services",
            "module.seed_bootstrap.module.seed_project.module.project-factory.module.project_services.google_project_service_identity.project_service_identities",
            "module.seed_bootstrap.module.seed_project.module.project-factory.random_id.random_project_id_suffix",
            "module.seed_bootstrap.module.seed_project.module.project-factory.random_string.random_project_id_suffix"
          ]
        },
        {
          "index_key": "roles/resourcemanager.tagUser",
          "schema_version": 0,
          "attributes": {
            "condition": [],
            "etag": "BwX3qAB8Ygc=",
            "id": "659606641909/roles/resourcemanager.tagUser/serviceAccount:sa-terraform-env@prj-b-seed-3858.iam.gserviceaccount.com",
            "member": "serviceAccount:sa-terraform-env@prj-b-seed-3858.iam.gserviceaccount.com",
            "org_id": "659606641909",
            "role": "roles/resourcemanager.tagUser"
          },
          "sensitive_attributes": [],
          "private": "bnVsbA==",
          "dependencies": [
            "google_folder.bootstrap",
            "google_service_account.terraform-env-sa",
            "module.seed_bootstrap.google_folder_iam_member.tmp_project_creator",
            "module.seed_bootstrap.google_organization_iam_member.tmp_project_creator",
            "module.seed_bootstrap.module.seed_project.module.project-factory.google_compute_shared_vpc_host_project.shared_vpc_host",
            "module.seed_bootstrap.module.seed_project.module.project-factory.google_compute_shared_vpc_service_project.shared_vpc_attachment",
            "module.seed_bootstrap.module.seed_project.module.project-factory.google_project.main",
            "module.seed_bootstrap.module.seed_project.module.project-factory.module.project_services.data.google_compute_default_service_account.default",
            "module.seed_bootstrap.module.seed_project.module.project-factory.module.project_services.google_project_iam_member.project_service_identity_roles",
            "module.seed_bootstrap.module.seed_project.module.project-factory.module.project_services.google_project_service.project_services",
            "module.seed_bootstrap.module.seed_project.module.project-factory.module.project_services.google_project_service_identity.project_service_identities",
            "module.seed_bootstrap.module.seed_project.module.project-factory.random_id.random_project_id_suffix",
            "module.seed_bootstrap.module.seed_project.module.project-factory.random_string.random_project_id_suffix"
          ]
        }
      ]
    },
    {
      "module": "module.org_iam_member[\"net\"]",
      "mode": "managed",
      "type": "google_organization_iam_member",
      "name": "org_parent_iam",
      "provider": "provider[\"registry.terraform.io/hashicorp/google\"]",
      "instances": [
        {
          "index_key": "roles/accesscontextmanager.policyAdmin",
          "schema_version": 0,
          "attributes": {
            "condition": [],
            "etag": "BwX3p/4DOkA=",
            "id": "659606641909/roles/accesscontextmanager.policyAdmin/serviceAccount:sa-terraform-net@prj-b-seed-3858.iam.gserviceaccount.com",
            "member": "serviceAccount:sa-terraform-net@prj-b-seed-3858.iam.gserviceaccount.com",
            "org_id": "659606641909",
            "role": "roles/accesscontextmanager.policyAdmin"
          },
          "sensitive_attributes": [],
          "private": "bnVsbA==",
          "dependencies": [
            "google_folder.bootstrap",
            "google_service_account.terraform-env-sa",
            "module.seed_bootstrap.google_folder_iam_member.tmp_project_creator",
            "module.seed_bootstrap.google_organization_iam_member.tmp_project_creator",
            "module.seed_bootstrap.module.seed_project.module.project-factory.google_compute_shared_vpc_host_project.shared_vpc_host",
            "module.seed_bootstrap.module.seed_project.module.project-factory.google_compute_shared_vpc_service_project.shared_vpc_attachment",
            "module.seed_bootstrap.module.seed_project.module.project-factory.google_project.main",
            "module.seed_bootstrap.module.seed_project.module.project-factory.module.project_services.data.google_compute_default_service_account.default",
            "module.seed_bootstrap.module.seed_project.module.project-factory.module.project_services.google_project_iam_member.project_service_identity_roles",
            "module.seed_bootstrap.module.seed_project.module.project-factory.module.project_services.google_project_service.project_services",
            "module.seed_bootstrap.module.seed_project.module.project-factory.module.project_services.google_project_service_identity.project_service_identities",
            "module.seed_bootstrap.module.seed_project.module.project-factory.random_id.random_project_id_suffix",
            "module.seed_bootstrap.module.seed_project.module.project-factory.random_string.random_project_id_suffix"
          ]
        },
        {
          "index_key": "roles/browser",
          "schema_version": 0,
          "attributes": {
            "condition": [],
            "etag": "BwX3p//3qCg=",
            "id": "659606641909/roles/browser/serviceAccount:sa-terraform-net@prj-b-seed-3858.iam.gserviceaccount.com",
            "member": "serviceAccount:sa-terraform-net@prj-b-seed-3858.iam.gserviceaccount.com",
            "org_id": "659606641909",
            "role": "roles/browser"
          },
          "sensitive_attributes": [],
          "private": "bnVsbA==",
          "dependencies": [
            "google_folder.bootstrap",
            "google_service_account.terraform-env-sa",
            "module.seed_bootstrap.google_folder_iam_member.tmp_project_creator",
            "module.seed_bootstrap.google_organization_iam_member.tmp_project_creator",
            "module.seed_bootstrap.module.seed_project.module.project-factory.google_compute_shared_vpc_host_project.shared_vpc_host",
            "module.seed_bootstrap.module.seed_project.module.project-factory.google_compute_shared_vpc_service_project.shared_vpc_attachment",
            "module.seed_bootstrap.module.seed_project.module.project-factory.google_project.main",
            "module.seed_bootstrap.module.seed_project.module.project-factory.module.project_services.data.google_compute_default_service_account.default",
            "module.seed_bootstrap.module.seed_project.module.project-factory.module.project_services.google_project_iam_member.project_service_identity_roles",
            "module.seed_bootstrap.module.seed_project.module.project-factory.module.project_services.google_project_service.project_services",
            "module.seed_bootstrap.module.seed_project.module.project-factory.module.project_services.google_project_service_identity.project_service_identities",
            "module.seed_bootstrap.module.seed_project.module.project-factory.random_id.random_project_id_suffix",
            "module.seed_bootstrap.module.seed_project.module.project-factory.random_string.random_project_id_suffix"
          ]
        },
        {
          "index_key": "roles/compute.xpnAdmin",
          "schema_version": 0,
          "attributes": {
            "condition": [],
            "etag": "BwX3p/4DOkA=",
            "id": "659606641909/roles/compute.xpnAdmin/serviceAccount:sa-terraform-net@prj-b-seed-3858.iam.gserviceaccount.com",
            "member": "serviceAccount:sa-terraform-net@prj-b-seed-3858.iam.gserviceaccount.com",
            "org_id": "659606641909",
            "role": "roles/compute.xpnAdmin"
          },
          "sensitive_attributes": [],
          "private": "bnVsbA==",
          "dependencies": [
            "google_folder.bootstrap",
            "google_service_account.terraform-env-sa",
            "module.seed_bootstrap.google_folder_iam_member.tmp_project_creator",
            "module.seed_bootstrap.google_organization_iam_member.tmp_project_creator",
            "module.seed_bootstrap.module.seed_project.module.project-factory.google_compute_shared_vpc_host_project.shared_vpc_host",
            "module.seed_bootstrap.module.seed_project.module.project-factory.google_compute_shared_vpc_service_project.shared_vpc_attachment",
            "module.seed_bootstrap.module.seed_project.module.project-factory.google_project.main",
            "module.seed_bootstrap.module.seed_project.module.project-factory.module.project_services.data.google_compute_default_service_account.default",
            "module.seed_bootstrap.module.seed_project.module.project-factory.module.project_services.google_project_iam_member.project_service_identity_roles",
            "module.seed_bootstrap.module.seed_project.module.project-factory.module.project_services.google_project_service.project_services",
            "module.seed_bootstrap.module.seed_project.module.project-factory.module.project_services.google_project_service_identity.project_service_identities",
            "module.seed_bootstrap.module.seed_project.module.project-factory.random_id.random_project_id_suffix",
            "module.seed_bootstrap.module.seed_project.module.project-factory.random_string.random_project_id_suffix"
          ]
        }
      ]
    },
    {
      "module": "module.org_iam_member[\"org\"]",
      "mode": "managed",
      "type": "google_organization_iam_member",
      "name": "org_parent_iam",
      "provider": "provider[\"registry.terraform.io/hashicorp/google\"]",
      "instances": [
        {
          "index_key": "roles/accesscontextmanager.policyAdmin",
          "schema_version": 0,
          "attributes": {
            "condition": [],
            "etag": "BwX3p/vOfpg=",
            "id": "659606641909/roles/accesscontextmanager.policyAdmin/serviceAccount:sa-terraform-org@prj-b-seed-3858.iam.gserviceaccount.com",
            "member": "serviceAccount:sa-terraform-org@prj-b-seed-3858.iam.gserviceaccount.com",
            "org_id": "659606641909",
            "role": "roles/accesscontextmanager.policyAdmin"
          },
          "sensitive_attributes": [],
          "private": "bnVsbA==",
          "dependencies": [
            "google_folder.bootstrap",
            "google_service_account.terraform-env-sa",
            "module.seed_bootstrap.google_folder_iam_member.tmp_project_creator",
            "module.seed_bootstrap.google_organization_iam_member.tmp_project_creator",
            "module.seed_bootstrap.module.seed_project.module.project-factory.google_compute_shared_vpc_host_project.shared_vpc_host",
            "module.seed_bootstrap.module.seed_project.module.project-factory.google_compute_shared_vpc_service_project.shared_vpc_attachment",
            "module.seed_bootstrap.module.seed_project.module.project-factory.google_project.main",
            "module.seed_bootstrap.module.seed_project.module.project-factory.module.project_services.data.google_compute_default_service_account.default",
            "module.seed_bootstrap.module.seed_project.module.project-factory.module.project_services.google_project_iam_member.project_service_identity_roles",
            "module.seed_bootstrap.module.seed_project.module.project-factory.module.project_services.google_project_service.project_services",
            "module.seed_bootstrap.module.seed_project.module.project-factory.module.project_services.google_project_service_identity.project_service_identities",
            "module.seed_bootstrap.module.seed_project.module.project-factory.random_id.random_project_id_suffix",
            "module.seed_bootstrap.module.seed_project.module.project-factory.random_string.random_project_id_suffix"
          ]
        },
        {
          "index_key": "roles/browser",
          "schema_version": 0,
          "attributes": {
            "condition": [],
            "etag": "BwX3p/uJ4pM=",
            "id": "659606641909/roles/browser/serviceAccount:sa-terraform-org@prj-b-seed-3858.iam.gserviceaccount.com",
            "member": "serviceAccount:sa-terraform-org@prj-b-seed-3858.iam.gserviceaccount.com",
            "org_id": "659606641909",
            "role": "roles/browser"
          },
          "sensitive_attributes": [],
          "private": "bnVsbA==",
          "dependencies": [
            "google_folder.bootstrap",
            "google_service_account.terraform-env-sa",
            "module.seed_bootstrap.google_folder_iam_member.tmp_project_creator",
            "module.seed_bootstrap.google_organization_iam_member.tmp_project_creator",
            "module.seed_bootstrap.module.seed_project.module.project-factory.google_compute_shared_vpc_host_project.shared_vpc_host",
            "module.seed_bootstrap.module.seed_project.module.project-factory.google_compute_shared_vpc_service_project.shared_vpc_attachment",
            "module.seed_bootstrap.module.seed_project.module.project-factory.google_project.main",
            "module.seed_bootstrap.module.seed_project.module.project-factory.module.project_services.data.google_compute_default_service_account.default",
            "module.seed_bootstrap.module.seed_project.module.project-factory.module.project_services.google_project_iam_member.project_service_identity_roles",
            "module.seed_bootstrap.module.seed_project.module.project-factory.module.project_services.google_project_service.project_services",
            "module.seed_bootstrap.module.seed_project.module.project-factory.module.project_services.google_project_service_identity.project_service_identities",
            "module.seed_bootstrap.module.seed_project.module.project-factory.random_id.random_project_id_suffix",
            "module.seed_bootstrap.module.seed_project.module.project-factory.random_string.random_project_id_suffix"
          ]
        },
        {
          "index_key": "roles/essentialcontacts.admin",
          "schema_version": 0,
          "attributes": {
            "condition": [],
            "etag": "BwX3p//3qCg=",
            "id": "659606641909/roles/essentialcontacts.admin/serviceAccount:sa-terraform-org@prj-b-seed-3858.iam.gserviceaccount.com",
            "member": "serviceAccount:sa-terraform-org@prj-b-seed-3858.iam.gserviceaccount.com",
            "org_id": "659606641909",
            "role": "roles/essentialcontacts.admin"
          },
          "sensitive_attributes": [],
          "private": "bnVsbA==",
          "dependencies": [
            "google_folder.bootstrap",
            "google_service_account.terraform-env-sa",
            "module.seed_bootstrap.google_folder_iam_member.tmp_project_creator",
            "module.seed_bootstrap.google_organization_iam_member.tmp_project_creator",
            "module.seed_bootstrap.module.seed_project.module.project-factory.google_compute_shared_vpc_host_project.shared_vpc_host",
            "module.seed_bootstrap.module.seed_project.module.project-factory.google_compute_shared_vpc_service_project.shared_vpc_attachment",
            "module.seed_bootstrap.module.seed_project.module.project-factory.google_project.main",
            "module.seed_bootstrap.module.seed_project.module.project-factory.module.project_services.data.google_compute_default_service_account.default",
            "module.seed_bootstrap.module.seed_project.module.project-factory.module.project_services.google_project_iam_member.project_service_identity_roles",
            "module.seed_bootstrap.module.seed_project.module.project-factory.module.project_services.google_project_service.project_services",
            "module.seed_bootstrap.module.seed_project.module.project-factory.module.project_services.google_project_service_identity.project_service_identities",
            "module.seed_bootstrap.module.seed_project.module.project-factory.random_id.random_project_id_suffix",
            "module.seed_bootstrap.module.seed_project.module.project-factory.random_string.random_project_id_suffix"
          ]
        },
        {
          "index_key": "roles/iam.serviceAccountCreator",
          "schema_version": 0,
          "attributes": {
            "condition": [],
            "etag": "BwX3p/+Dt0s=",
            "id": "659606641909/roles/iam.serviceAccountCreator/serviceAccount:sa-terraform-org@prj-b-seed-3858.iam.gserviceaccount.com",
            "member": "serviceAccount:sa-terraform-org@prj-b-seed-3858.iam.gserviceaccount.com",
            "org_id": "659606641909",
            "role": "roles/iam.serviceAccountCreator"
          },
          "sensitive_attributes": [],
          "private": "bnVsbA==",
          "dependencies": [
            "google_folder.bootstrap",
            "google_service_account.terraform-env-sa",
            "module.seed_bootstrap.google_folder_iam_member.tmp_project_creator",
            "module.seed_bootstrap.google_organization_iam_member.tmp_project_creator",
            "module.seed_bootstrap.module.seed_project.module.project-factory.google_compute_shared_vpc_host_project.shared_vpc_host",
            "module.seed_bootstrap.module.seed_project.module.project-factory.google_compute_shared_vpc_service_project.shared_vpc_attachment",
            "module.seed_bootstrap.module.seed_project.module.project-factory.google_project.main",
            "module.seed_bootstrap.module.seed_project.module.project-factory.module.project_services.data.google_compute_default_service_account.default",
            "module.seed_bootstrap.module.seed_project.module.project-factory.module.project_services.google_project_iam_member.project_service_identity_roles",
            "module.seed_bootstrap.module.seed_project.module.project-factory.module.project_services.google_project_service.project_services",
            "module.seed_bootstrap.module.seed_project.module.project-factory.module.project_services.google_project_service_identity.project_service_identities",
            "module.seed_bootstrap.module.seed_project.module.project-factory.random_id.random_project_id_suffix",
            "module.seed_bootstrap.module.seed_project.module.project-factory.random_string.random_project_id_suffix"
          ]
        },
        {
          "index_key": "roles/logging.configWriter",
          "schema_version": 0,
          "attributes": {
            "condition": [],
            "etag": "BwX3p/1H2ng=",
            "id": "659606641909/roles/logging.configWriter/serviceAccount:sa-terraform-org@prj-b-seed-3858.iam.gserviceaccount.com",
            "member": "serviceAccount:sa-terraform-org@prj-b-seed-3858.iam.gserviceaccount.com",
            "org_id": "659606641909",
            "role": "roles/logging.configWriter"
          },
          "sensitive_attributes": [],
          "private": "bnVsbA==",
          "dependencies": [
            "google_folder.bootstrap",
            "google_service_account.terraform-env-sa",
            "module.seed_bootstrap.google_folder_iam_member.tmp_project_creator",
            "module.seed_bootstrap.google_organization_iam_member.tmp_project_creator",
            "module.seed_bootstrap.module.seed_project.module.project-factory.google_compute_shared_vpc_host_project.shared_vpc_host",
            "module.seed_bootstrap.module.seed_project.module.project-factory.google_compute_shared_vpc_service_project.shared_vpc_attachment",
            "module.seed_bootstrap.module.seed_project.module.project-factory.google_project.main",
            "module.seed_bootstrap.module.seed_project.module.project-factory.module.project_services.data.google_compute_default_service_account.default",
            "module.seed_bootstrap.module.seed_project.module.project-factory.module.project_services.google_project_iam_member.project_service_identity_roles",
            "module.seed_bootstrap.module.seed_project.module.project-factory.module.project_services.google_project_service.project_services",
            "module.seed_bootstrap.module.seed_project.module.project-factory.module.project_services.google_project_service_identity.project_service_identities",
            "module.seed_bootstrap.module.seed_project.module.project-factory.random_id.random_project_id_suffix",
            "module.seed_bootstrap.module.seed_project.module.project-factory.random_string.random_project_id_suffix"
          ]
        },
        {
          "index_key": "roles/orgpolicy.policyAdmin",
          "schema_version": 0,
          "attributes": {
            "condition": [],
            "etag": "BwX3p/5Hmkc=",
            "id": "659606641909/roles/orgpolicy.policyAdmin/serviceAccount:sa-terraform-org@prj-b-seed-3858.iam.gserviceaccount.com",
            "member": "serviceAccount:sa-terraform-org@prj-b-seed-3858.iam.gserviceaccount.com",
            "org_id": "659606641909",
            "role": "roles/orgpolicy.policyAdmin"
          },
          "sensitive_attributes": [],
          "private": "bnVsbA==",
          "dependencies": [
            "google_folder.bootstrap",
            "google_service_account.terraform-env-sa",
            "module.seed_bootstrap.google_folder_iam_member.tmp_project_creator",
            "module.seed_bootstrap.google_organization_iam_member.tmp_project_creator",
            "module.seed_bootstrap.module.seed_project.module.project-factory.google_compute_shared_vpc_host_project.shared_vpc_host",
            "module.seed_bootstrap.module.seed_project.module.project-factory.google_compute_shared_vpc_service_project.shared_vpc_attachment",
            "module.seed_bootstrap.module.seed_project.module.project-factory.google_project.main",
            "module.seed_bootstrap.module.seed_project.module.project-factory.module.project_services.data.google_compute_default_service_account.default",
            "module.seed_bootstrap.module.seed_project.module.project-factory.module.project_services.google_project_iam_member.project_service_identity_roles",
            "module.seed_bootstrap.module.seed_project.module.project-factory.module.project_services.google_project_service.project_services",
            "module.seed_bootstrap.module.seed_project.module.project-factory.module.project_services.google_project_service_identity.project_service_identities",
            "module.seed_bootstrap.module.seed_project.module.project-factory.random_id.random_project_id_suffix",
            "module.seed_bootstrap.module.seed_project.module.project-factory.random_string.random_project_id_suffix"
          ]
        },
        {
          "index_key": "roles/resourcemanager.organizationAdmin",
          "schema_version": 0,
          "attributes": {
            "condition": [],
            "etag": "BwX3p/vOfpg=",
            "id": "659606641909/roles/resourcemanager.organizationAdmin/serviceAccount:sa-terraform-org@prj-b-seed-3858.iam.gserviceaccount.com",
            "member": "serviceAccount:sa-terraform-org@prj-b-seed-3858.iam.gserviceaccount.com",
            "org_id": "659606641909",
            "role": "roles/resourcemanager.organizationAdmin"
          },
          "sensitive_attributes": [],
          "private": "bnVsbA==",
          "dependencies": [
            "google_folder.bootstrap",
            "google_service_account.terraform-env-sa",
            "module.seed_bootstrap.google_folder_iam_member.tmp_project_creator",
            "module.seed_bootstrap.google_organization_iam_member.tmp_project_creator",
            "module.seed_bootstrap.module.seed_project.module.project-factory.google_compute_shared_vpc_host_project.shared_vpc_host",
            "module.seed_bootstrap.module.seed_project.module.project-factory.google_compute_shared_vpc_service_project.shared_vpc_attachment",
            "module.seed_bootstrap.module.seed_project.module.project-factory.google_project.main",
            "module.seed_bootstrap.module.seed_project.module.project-factory.module.project_services.data.google_compute_default_service_account.default",
            "module.seed_bootstrap.module.seed_project.module.project-factory.module.project_services.google_project_iam_member.project_service_identity_roles",
            "module.seed_bootstrap.module.seed_project.module.project-factory.module.project_services.google_project_service.project_services",
            "module.seed_bootstrap.module.seed_project.module.project-factory.module.project_services.google_project_service_identity.project_service_identities",
            "module.seed_bootstrap.module.seed_project.module.project-factory.random_id.random_project_id_suffix",
            "module.seed_bootstrap.module.seed_project.module.project-factory.random_string.random_project_id_suffix"
          ]
        },
        {
          "index_key": "roles/resourcemanager.organizationViewer",
          "schema_version": 0,
          "attributes": {
            "condition": [],
            "etag": "BwX3p/4DOkA=",
            "id": "659606641909/roles/resourcemanager.organizationViewer/serviceAccount:sa-terraform-org@prj-b-seed-3858.iam.gserviceaccount.com",
            "member": "serviceAccount:sa-terraform-org@prj-b-seed-3858.iam.gserviceaccount.com",
            "org_id": "659606641909",
            "role": "roles/resourcemanager.organizationViewer"
          },
          "sensitive_attributes": [],
          "private": "bnVsbA==",
          "dependencies": [
            "google_folder.bootstrap",
            "google_service_account.terraform-env-sa",
            "module.seed_bootstrap.google_folder_iam_member.tmp_project_creator",
            "module.seed_bootstrap.google_organization_iam_member.tmp_project_creator",
            "module.seed_bootstrap.module.seed_project.module.project-factory.google_compute_shared_vpc_host_project.shared_vpc_host",
            "module.seed_bootstrap.module.seed_project.module.project-factory.google_compute_shared_vpc_service_project.shared_vpc_attachment",
            "module.seed_bootstrap.module.seed_project.module.project-factory.google_project.main",
            "module.seed_bootstrap.module.seed_project.module.project-factory.module.project_services.data.google_compute_default_service_account.default",
            "module.seed_bootstrap.module.seed_project.module.project-factory.module.project_services.google_project_iam_member.project_service_identity_roles",
            "module.seed_bootstrap.module.seed_project.module.project-factory.module.project_services.google_project_service.project_services",
            "module.seed_bootstrap.module.seed_project.module.project-factory.module.project_services.google_project_service_identity.project_service_identities",
            "module.seed_bootstrap.module.seed_project.module.project-factory.random_id.random_project_id_suffix",
            "module.seed_bootstrap.module.seed_project.module.project-factory.random_string.random_project_id_suffix"
          ]
        },
        {
          "index_key": "roles/resourcemanager.tagAdmin",
          "schema_version": 0,
          "attributes": {
            "condition": [],
            "etag": "BwX3p/5Hmkc=",
            "id": "659606641909/roles/resourcemanager.tagAdmin/serviceAccount:sa-terraform-org@prj-b-seed-3858.iam.gserviceaccount.com",
            "member": "serviceAccount:sa-terraform-org@prj-b-seed-3858.iam.gserviceaccount.com",
            "org_id": "659606641909",
            "role": "roles/resourcemanager.tagAdmin"
          },
          "sensitive_attributes": [],
          "private": "bnVsbA==",
          "dependencies": [
            "google_folder.bootstrap",
            "google_service_account.terraform-env-sa",
            "module.seed_bootstrap.google_folder_iam_member.tmp_project_creator",
            "module.seed_bootstrap.google_organization_iam_member.tmp_project_creator",
            "module.seed_bootstrap.module.seed_project.module.project-factory.google_compute_shared_vpc_host_project.shared_vpc_host",
            "module.seed_bootstrap.module.seed_project.module.project-factory.google_compute_shared_vpc_service_project.shared_vpc_attachment",
            "module.seed_bootstrap.module.seed_project.module.project-factory.google_project.main",
            "module.seed_bootstrap.module.seed_project.module.project-factory.module.project_services.data.google_compute_default_service_account.default",
            "module.seed_bootstrap.module.seed_project.module.project-factory.module.project_services.google_project_iam_member.project_service_identity_roles",
            "module.seed_bootstrap.module.seed_project.module.project-factory.module.project_services.google_project_service.project_services",
            "module.seed_bootstrap.module.seed_project.module.project-factory.module.project_services.google_project_service_identity.project_service_identities",
            "module.seed_bootstrap.module.seed_project.module.project-factory.random_id.random_project_id_suffix",
            "module.seed_bootstrap.module.seed_project.module.project-factory.random_string.random_project_id_suffix"
          ]
        },
        {
          "index_key": "roles/resourcemanager.tagUser",
          "schema_version": 0,
          "attributes": {
            "condition": [],
            "etag": "BwX3p/sLeDM=",
            "id": "659606641909/roles/resourcemanager.tagUser/serviceAccount:sa-terraform-org@prj-b-seed-3858.iam.gserviceaccount.com",
            "member": "serviceAccount:sa-terraform-org@prj-b-seed-3858.iam.gserviceaccount.com",
            "org_id": "659606641909",
            "role": "roles/resourcemanager.tagUser"
          },
          "sensitive_attributes": [],
          "private": "bnVsbA==",
          "dependencies": [
            "google_folder.bootstrap",
            "google_service_account.terraform-env-sa",
            "module.seed_bootstrap.google_folder_iam_member.tmp_project_creator",
            "module.seed_bootstrap.google_organization_iam_member.tmp_project_creator",
            "module.seed_bootstrap.module.seed_project.module.project-factory.google_compute_shared_vpc_host_project.shared_vpc_host",
            "module.seed_bootstrap.module.seed_project.module.project-factory.google_compute_shared_vpc_service_project.shared_vpc_attachment",
            "module.seed_bootstrap.module.seed_project.module.project-factory.google_project.main",
            "module.seed_bootstrap.module.seed_project.module.project-factory.module.project_services.data.google_compute_default_service_account.default",
            "module.seed_bootstrap.module.seed_project.module.project-factory.module.project_services.google_project_iam_member.project_service_identity_roles",
            "module.seed_bootstrap.module.seed_project.module.project-factory.module.project_services.google_project_service.project_services",
            "module.seed_bootstrap.module.seed_project.module.project-factory.module.project_services.google_project_service_identity.project_service_identities",
            "module.seed_bootstrap.module.seed_project.module.project-factory.random_id.random_project_id_suffix",
            "module.seed_bootstrap.module.seed_project.module.project-factory.random_string.random_project_id_suffix"
          ]
        },
        {
          "index_key": "roles/securitycenter.notificationConfigEditor",
          "schema_version": 0,
          "attributes": {
            "condition": [],
            "etag": "BwX3p//3qCg=",
            "id": "659606641909/roles/securitycenter.notificationConfigEditor/serviceAccount:sa-terraform-org@prj-b-seed-3858.iam.gserviceaccount.com",
            "member": "serviceAccount:sa-terraform-org@prj-b-seed-3858.iam.gserviceaccount.com",
            "org_id": "659606641909",
            "role": "roles/securitycenter.notificationConfigEditor"
          },
          "sensitive_attributes": [],
          "private": "bnVsbA==",
          "dependencies": [
            "google_folder.bootstrap",
            "google_service_account.terraform-env-sa",
            "module.seed_bootstrap.google_folder_iam_member.tmp_project_creator",
            "module.seed_bootstrap.google_organization_iam_member.tmp_project_creator",
            "module.seed_bootstrap.module.seed_project.module.project-factory.google_compute_shared_vpc_host_project.shared_vpc_host",
            "module.seed_bootstrap.module.seed_project.module.project-factory.google_compute_shared_vpc_service_project.shared_vpc_attachment",
            "module.seed_bootstrap.module.seed_project.module.project-factory.google_project.main",
            "module.seed_bootstrap.module.seed_project.module.project-factory.module.project_services.data.google_compute_default_service_account.default",
            "module.seed_bootstrap.module.seed_project.module.project-factory.module.project_services.google_project_iam_member.project_service_identity_roles",
            "module.seed_bootstrap.module.seed_project.module.project-factory.module.project_services.google_project_service.project_services",
            "module.seed_bootstrap.module.seed_project.module.project-factory.module.project_services.google_project_service_identity.project_service_identities",
            "module.seed_bootstrap.module.seed_project.module.project-factory.random_id.random_project_id_suffix",
            "module.seed_bootstrap.module.seed_project.module.project-factory.random_string.random_project_id_suffix"
          ]
        }
      ]
    },
    {
      "module": "module.org_iam_member[\"proj\"]",
      "mode": "managed",
      "type": "google_organization_iam_member",
      "name": "org_parent_iam",
      "provider": "provider[\"registry.terraform.io/hashicorp/google\"]",
      "instances": [
        {
          "index_key": "roles/accesscontextmanager.policyAdmin",
          "schema_version": 0,
          "attributes": {
            "condition": [],
            "etag": "BwX3p/uJ4pM=",
            "id": "659606641909/roles/accesscontextmanager.policyAdmin/serviceAccount:sa-terraform-proj@prj-b-seed-3858.iam.gserviceaccount.com",
            "member": "serviceAccount:sa-terraform-proj@prj-b-seed-3858.iam.gserviceaccount.com",
            "org_id": "659606641909",
            "role": "roles/accesscontextmanager.policyAdmin"
          },
          "sensitive_attributes": [],
          "private": "bnVsbA==",
          "dependencies": [
            "google_folder.bootstrap",
            "google_service_account.terraform-env-sa",
            "module.seed_bootstrap.google_folder_iam_member.tmp_project_creator",
            "module.seed_bootstrap.google_organization_iam_member.tmp_project_creator",
            "module.seed_bootstrap.module.seed_project.module.project-factory.google_compute_shared_vpc_host_project.shared_vpc_host",
            "module.seed_bootstrap.module.seed_project.module.project-factory.google_compute_shared_vpc_service_project.shared_vpc_attachment",
            "module.seed_bootstrap.module.seed_project.module.project-factory.google_project.main",
            "module.seed_bootstrap.module.seed_project.module.project-factory.module.project_services.data.google_compute_default_service_account.default",
            "module.seed_bootstrap.module.seed_project.module.project-factory.module.project_services.google_project_iam_member.project_service_identity_roles",
            "module.seed_bootstrap.module.seed_project.module.project-factory.module.project_services.google_project_service.project_services",
            "module.seed_bootstrap.module.seed_project.module.project-factory.module.project_services.google_project_service_identity.project_service_identities",
            "module.seed_bootstrap.module.seed_project.module.project-factory.random_id.random_project_id_suffix",
            "module.seed_bootstrap.module.seed_project.module.project-factory.random_string.random_project_id_suffix"
          ]
        },
        {
          "index_key": "roles/browser",
          "schema_version": 0,
          "attributes": {
            "condition": [],
            "etag": "BwX3p/5Hmkc=",
            "id": "659606641909/roles/browser/serviceAccount:sa-terraform-proj@prj-b-seed-3858.iam.gserviceaccount.com",
            "member": "serviceAccount:sa-terraform-proj@prj-b-seed-3858.iam.gserviceaccount.com",
            "org_id": "659606641909",
            "role": "roles/browser"
          },
          "sensitive_attributes": [],
          "private": "bnVsbA==",
          "dependencies": [
            "google_folder.bootstrap",
            "google_service_account.terraform-env-sa",
            "module.seed_bootstrap.google_folder_iam_member.tmp_project_creator",
            "module.seed_bootstrap.google_organization_iam_member.tmp_project_creator",
            "module.seed_bootstrap.module.seed_project.module.project-factory.google_compute_shared_vpc_host_project.shared_vpc_host",
            "module.seed_bootstrap.module.seed_project.module.project-factory.google_compute_shared_vpc_service_project.shared_vpc_attachment",
            "module.seed_bootstrap.module.seed_project.module.project-factory.google_project.main",
            "module.seed_bootstrap.module.seed_project.module.project-factory.module.project_services.data.google_compute_default_service_account.default",
            "module.seed_bootstrap.module.seed_project.module.project-factory.module.project_services.google_project_iam_member.project_service_identity_roles",
            "module.seed_bootstrap.module.seed_project.module.project-factory.module.project_services.google_project_service.project_services",
            "module.seed_bootstrap.module.seed_project.module.project-factory.module.project_services.google_project_service_identity.project_service_identities",
            "module.seed_bootstrap.module.seed_project.module.project-factory.random_id.random_project_id_suffix",
            "module.seed_bootstrap.module.seed_project.module.project-factory.random_string.random_project_id_suffix"
          ]
        },
        {
          "index_key": "roles/resourcemanager.organizationAdmin",
          "schema_version": 0,
          "attributes": {
            "condition": [],
            "etag": "BwX3p//3qCg=",
            "id": "659606641909/roles/resourcemanager.organizationAdmin/serviceAccount:sa-terraform-proj@prj-b-seed-3858.iam.gserviceaccount.com",
            "member": "serviceAccount:sa-terraform-proj@prj-b-seed-3858.iam.gserviceaccount.com",
            "org_id": "659606641909",
            "role": "roles/resourcemanager.organizationAdmin"
          },
          "sensitive_attributes": [],
          "private": "bnVsbA==",
          "dependencies": [
            "google_folder.bootstrap",
            "google_service_account.terraform-env-sa",
            "module.seed_bootstrap.google_folder_iam_member.tmp_project_creator",
            "module.seed_bootstrap.google_organization_iam_member.tmp_project_creator",
            "module.seed_bootstrap.module.seed_project.module.project-factory.google_compute_shared_vpc_host_project.shared_vpc_host",
            "module.seed_bootstrap.module.seed_project.module.project-factory.google_compute_shared_vpc_service_project.shared_vpc_attachment",
            "module.seed_bootstrap.module.seed_project.module.project-factory.google_project.main",
            "module.seed_bootstrap.module.seed_project.module.project-factory.module.project_services.data.google_compute_default_service_account.default",
            "module.seed_bootstrap.module.seed_project.module.project-factory.module.project_services.google_project_iam_member.project_service_identity_roles",
            "module.seed_bootstrap.module.seed_project.module.project-factory.module.project_services.google_project_service.project_services",
            "module.seed_bootstrap.module.seed_project.module.project-factory.module.project_services.google_project_service_identity.project_service_identities",
            "module.seed_bootstrap.module.seed_project.module.project-factory.random_id.random_project_id_suffix",
            "module.seed_bootstrap.module.seed_project.module.project-factory.random_string.random_project_id_suffix"
          ]
        },
        {
          "index_key": "roles/serviceusage.serviceUsageConsumer",
          "schema_version": 0,
          "attributes": {
            "condition": [],
            "etag": "BwX3qAB8Ygc=",
            "id": "659606641909/roles/serviceusage.serviceUsageConsumer/serviceAccount:sa-terraform-proj@prj-b-seed-3858.iam.gserviceaccount.com",
            "member": "serviceAccount:sa-terraform-proj@prj-b-seed-3858.iam.gserviceaccount.com",
            "org_id": "659606641909",
            "role": "roles/serviceusage.serviceUsageConsumer"
          },
          "sensitive_attributes": [],
          "private": "bnVsbA==",
          "dependencies": [
            "google_folder.bootstrap",
            "google_service_account.terraform-env-sa",
            "module.seed_bootstrap.google_folder_iam_member.tmp_project_creator",
            "module.seed_bootstrap.google_organization_iam_member.tmp_project_creator",
            "module.seed_bootstrap.module.seed_project.module.project-factory.google_compute_shared_vpc_host_project.shared_vpc_host",
            "module.seed_bootstrap.module.seed_project.module.project-factory.google_compute_shared_vpc_service_project.shared_vpc_attachment",
            "module.seed_bootstrap.module.seed_project.module.project-factory.google_project.main",
            "module.seed_bootstrap.module.seed_project.module.project-factory.module.project_services.data.google_compute_default_service_account.default",
            "module.seed_bootstrap.module.seed_project.module.project-factory.module.project_services.google_project_iam_member.project_service_identity_roles",
            "module.seed_bootstrap.module.seed_project.module.project-factory.module.project_services.google_project_service.project_services",
            "module.seed_bootstrap.module.seed_project.module.project-factory.module.project_services.google_project_service_identity.project_service_identities",
            "module.seed_bootstrap.module.seed_project.module.project-factory.random_id.random_project_id_suffix",
            "module.seed_bootstrap.module.seed_project.module.project-factory.random_string.random_project_id_suffix"
          ]
        }
      ]
    },
    {
      "module": "module.parent_iam_member[\"bootstrap\"]",
      "mode": "managed",
      "type": "google_folder_iam_member",
      "name": "folder_parent_iam",
      "provider": "provider[\"registry.terraform.io/hashicorp/google\"]",
      "instances": [
        {
          "index_key": "roles/resourcemanager.folderAdmin",
          "schema_version": 0,
          "attributes": {
            "condition": [],
            "etag": "BwX3p/5GWlk=",
            "folder": "555960767904",
            "id": "folders/555960767904/roles/resourcemanager.folderAdmin/serviceAccount:sa-terraform-bootstrap@prj-b-seed-3858.iam.gserviceaccount.com",
            "member": "serviceAccount:sa-terraform-bootstrap@prj-b-seed-3858.iam.gserviceaccount.com",
            "role": "roles/resourcemanager.folderAdmin"
          },
          "sensitive_attributes": [],
          "private": "bnVsbA==",
          "dependencies": [
            "google_folder.bootstrap",
            "google_service_account.terraform-env-sa",
            "module.seed_bootstrap.google_folder_iam_member.tmp_project_creator",
            "module.seed_bootstrap.google_organization_iam_member.tmp_project_creator",
            "module.seed_bootstrap.module.seed_project.module.project-factory.google_compute_shared_vpc_host_project.shared_vpc_host",
            "module.seed_bootstrap.module.seed_project.module.project-factory.google_compute_shared_vpc_service_project.shared_vpc_attachment",
            "module.seed_bootstrap.module.seed_project.module.project-factory.google_project.main",
            "module.seed_bootstrap.module.seed_project.module.project-factory.module.project_services.data.google_compute_default_service_account.default",
            "module.seed_bootstrap.module.seed_project.module.project-factory.module.project_services.google_project_iam_member.project_service_identity_roles",
            "module.seed_bootstrap.module.seed_project.module.project-factory.module.project_services.google_project_service.project_services",
            "module.seed_bootstrap.module.seed_project.module.project-factory.module.project_services.google_project_service_identity.project_service_identities",
            "module.seed_bootstrap.module.seed_project.module.project-factory.random_id.random_project_id_suffix",
            "module.seed_bootstrap.module.seed_project.module.project-factory.random_string.random_project_id_suffix"
          ]
        }
      ]
    },
    {
      "module": "module.parent_iam_member[\"env\"]",
      "mode": "managed",
      "type": "google_folder_iam_member",
      "name": "folder_parent_iam",
      "provider": "provider[\"registry.terraform.io/hashicorp/google\"]",
      "instances": [
        {
          "index_key": "roles/resourcemanager.folderAdmin",
          "schema_version": 0,
          "attributes": {
            "condition": [],
            "etag": "BwX3qAFqZeI=",
            "folder": "555960767904",
            "id": "folders/555960767904/roles/resourcemanager.folderAdmin/serviceAccount:sa-terraform-env@prj-b-seed-3858.iam.gserviceaccount.com",
            "member": "serviceAccount:sa-terraform-env@prj-b-seed-3858.iam.gserviceaccount.com",
            "role": "roles/resourcemanager.folderAdmin"
          },
          "sensitive_attributes": [],
          "private": "bnVsbA==",
          "dependencies": [
            "google_folder.bootstrap",
            "google_service_account.terraform-env-sa",
            "module.seed_bootstrap.google_folder_iam_member.tmp_project_creator",
            "module.seed_bootstrap.google_organization_iam_member.tmp_project_creator",
            "module.seed_bootstrap.module.seed_project.module.project-factory.google_compute_shared_vpc_host_project.shared_vpc_host",
            "module.seed_bootstrap.module.seed_project.module.project-factory.google_compute_shared_vpc_service_project.shared_vpc_attachment",
            "module.seed_bootstrap.module.seed_project.module.project-factory.google_project.main",
            "module.seed_bootstrap.module.seed_project.module.project-factory.module.project_services.data.google_compute_default_service_account.default",
            "module.seed_bootstrap.module.seed_project.module.project-factory.module.project_services.google_project_iam_member.project_service_identity_roles",
            "module.seed_bootstrap.module.seed_project.module.project-factory.module.project_services.google_project_service.project_services",
            "module.seed_bootstrap.module.seed_project.module.project-factory.module.project_services.google_project_service_identity.project_service_identities",
            "module.seed_bootstrap.module.seed_project.module.project-factory.random_id.random_project_id_suffix",
            "module.seed_bootstrap.module.seed_project.module.project-factory.random_string.random_project_id_suffix"
          ]
        }
      ]
    },
    {
      "module": "module.parent_iam_member[\"net\"]",
      "mode": "managed",
      "type": "google_folder_iam_member",
      "name": "folder_parent_iam",
      "provider": "provider[\"registry.terraform.io/hashicorp/google\"]",
      "instances": [
        {
          "index_key": "roles/compute.networkAdmin",
          "schema_version": 0,
          "attributes": {
            "condition": [],
            "etag": "BwX3p/8OLNk=",
            "folder": "555960767904",
            "id": "folders/555960767904/roles/compute.networkAdmin/serviceAccount:sa-terraform-net@prj-b-seed-3858.iam.gserviceaccount.com",
            "member": "serviceAccount:sa-terraform-net@prj-b-seed-3858.iam.gserviceaccount.com",
            "role": "roles/compute.networkAdmin"
          },
          "sensitive_attributes": [],
          "private": "bnVsbA==",
          "dependencies": [
            "google_folder.bootstrap",
            "google_service_account.terraform-env-sa",
            "module.seed_bootstrap.google_folder_iam_member.tmp_project_creator",
            "module.seed_bootstrap.google_organization_iam_member.tmp_project_creator",
            "module.seed_bootstrap.module.seed_project.module.project-factory.google_compute_shared_vpc_host_project.shared_vpc_host",
            "module.seed_bootstrap.module.seed_project.module.project-factory.google_compute_shared_vpc_service_project.shared_vpc_attachment",
            "module.seed_bootstrap.module.seed_project.module.project-factory.google_project.main",
            "module.seed_bootstrap.module.seed_project.module.project-factory.module.project_services.data.google_compute_default_service_account.default",
            "module.seed_bootstrap.module.seed_project.module.project-factory.module.project_services.google_project_iam_member.project_service_identity_roles",
            "module.seed_bootstrap.module.seed_project.module.project-factory.module.project_services.google_project_service.project_services",
            "module.seed_bootstrap.module.seed_project.module.project-factory.module.project_services.google_project_service_identity.project_service_identities",
            "module.seed_bootstrap.module.seed_project.module.project-factory.random_id.random_project_id_suffix",
            "module.seed_bootstrap.module.seed_project.module.project-factory.random_string.random_project_id_suffix"
          ]
        },
        {
          "index_key": "roles/compute.orgSecurityPolicyAdmin",
          "schema_version": 0,
          "attributes": {
            "condition": [],
            "etag": "BwX3p/vUktE=",
            "folder": "555960767904",
            "id": "folders/555960767904/roles/compute.orgSecurityPolicyAdmin/serviceAccount:sa-terraform-net@prj-b-seed-3858.iam.gserviceaccount.com",
            "member": "serviceAccount:sa-terraform-net@prj-b-seed-3858.iam.gserviceaccount.com",
            "role": "roles/compute.orgSecurityPolicyAdmin"
          },
          "sensitive_attributes": [],
          "private": "bnVsbA==",
          "dependencies": [
            "google_folder.bootstrap",
            "google_service_account.terraform-env-sa",
            "module.seed_bootstrap.google_folder_iam_member.tmp_project_creator",
            "module.seed_bootstrap.google_organization_iam_member.tmp_project_creator",
            "module.seed_bootstrap.module.seed_project.module.project-factory.google_compute_shared_vpc_host_project.shared_vpc_host",
            "module.seed_bootstrap.module.seed_project.module.project-factory.google_compute_shared_vpc_service_project.shared_vpc_attachment",
            "module.seed_bootstrap.module.seed_project.module.project-factory.google_project.main",
            "module.seed_bootstrap.module.seed_project.module.project-factory.module.project_services.data.google_compute_default_service_account.default",
            "module.seed_bootstrap.module.seed_project.module.project-factory.module.project_services.google_project_iam_member.project_service_identity_roles",
            "module.seed_bootstrap.module.seed_project.module.project-factory.module.project_services.google_project_service.project_services",
            "module.seed_bootstrap.module.seed_project.module.project-factory.module.project_services.google_project_service_identity.project_service_identities",
            "module.seed_bootstrap.module.seed_project.module.project-factory.random_id.random_project_id_suffix",
            "module.seed_bootstrap.module.seed_project.module.project-factory.random_string.random_project_id_suffix"
          ]
        },
        {
          "index_key": "roles/compute.orgSecurityResourceAdmin",
          "schema_version": 0,
          "attributes": {
            "condition": [],
            "etag": "BwX3p/8OLNk=",
            "folder": "555960767904",
            "id": "folders/555960767904/roles/compute.orgSecurityResourceAdmin/serviceAccount:sa-terraform-net@prj-b-seed-3858.iam.gserviceaccount.com",
            "member": "serviceAccount:sa-terraform-net@prj-b-seed-3858.iam.gserviceaccount.com",
            "role": "roles/compute.orgSecurityResourceAdmin"
          },
          "sensitive_attributes": [],
          "private": "bnVsbA==",
          "dependencies": [
            "google_folder.bootstrap",
            "google_service_account.terraform-env-sa",
            "module.seed_bootstrap.google_folder_iam_member.tmp_project_creator",
            "module.seed_bootstrap.google_organization_iam_member.tmp_project_creator",
            "module.seed_bootstrap.module.seed_project.module.project-factory.google_compute_shared_vpc_host_project.shared_vpc_host",
            "module.seed_bootstrap.module.seed_project.module.project-factory.google_compute_shared_vpc_service_project.shared_vpc_attachment",
            "module.seed_bootstrap.module.seed_project.module.project-factory.google_project.main",
            "module.seed_bootstrap.module.seed_project.module.project-factory.module.project_services.data.google_compute_default_service_account.default",
            "module.seed_bootstrap.module.seed_project.module.project-factory.module.project_services.google_project_iam_member.project_service_identity_roles",
            "module.seed_bootstrap.module.seed_project.module.project-factory.module.project_services.google_project_service.project_services",
            "module.seed_bootstrap.module.seed_project.module.project-factory.module.project_services.google_project_service_identity.project_service_identities",
            "module.seed_bootstrap.module.seed_project.module.project-factory.random_id.random_project_id_suffix",
            "module.seed_bootstrap.module.seed_project.module.project-factory.random_string.random_project_id_suffix"
          ]
        },
        {
          "index_key": "roles/compute.securityAdmin",
          "schema_version": 0,
          "attributes": {
            "condition": [],
            "etag": "BwX3p/+azzY=",
            "folder": "555960767904",
            "id": "folders/555960767904/roles/compute.securityAdmin/serviceAccount:sa-terraform-net@prj-b-seed-3858.iam.gserviceaccount.com",
            "member": "serviceAccount:sa-terraform-net@prj-b-seed-3858.iam.gserviceaccount.com",
            "role": "roles/compute.securityAdmin"
          },
          "sensitive_attributes": [],
          "private": "bnVsbA==",
          "dependencies": [
            "google_folder.bootstrap",
            "google_service_account.terraform-env-sa",
            "module.seed_bootstrap.google_folder_iam_member.tmp_project_creator",
            "module.seed_bootstrap.google_organization_iam_member.tmp_project_creator",
            "module.seed_bootstrap.module.seed_project.module.project-factory.google_compute_shared_vpc_host_project.shared_vpc_host",
            "module.seed_bootstrap.module.seed_project.module.project-factory.google_compute_shared_vpc_service_project.shared_vpc_attachment",
            "module.seed_bootstrap.module.seed_project.module.project-factory.google_project.main",
            "module.seed_bootstrap.module.seed_project.module.project-factory.module.project_services.data.google_compute_default_service_account.default",
            "module.seed_bootstrap.module.seed_project.module.project-factory.module.project_services.google_project_iam_member.project_service_identity_roles",
            "module.seed_bootstrap.module.seed_project.module.project-factory.module.project_services.google_project_service.project_services",
            "module.seed_bootstrap.module.seed_project.module.project-factory.module.project_services.google_project_service_identity.project_service_identities",
            "module.seed_bootstrap.module.seed_project.module.project-factory.random_id.random_project_id_suffix",
            "module.seed_bootstrap.module.seed_project.module.project-factory.random_string.random_project_id_suffix"
          ]
        },
        {
          "index_key": "roles/dns.admin",
          "schema_version": 0,
          "attributes": {
            "condition": [],
            "etag": "BwX3qABhdKM=",
            "folder": "555960767904",
            "id": "folders/555960767904/roles/dns.admin/serviceAccount:sa-terraform-net@prj-b-seed-3858.iam.gserviceaccount.com",
            "member": "serviceAccount:sa-terraform-net@prj-b-seed-3858.iam.gserviceaccount.com",
            "role": "roles/dns.admin"
          },
          "sensitive_attributes": [],
          "private": "bnVsbA==",
          "dependencies": [
            "google_folder.bootstrap",
            "google_service_account.terraform-env-sa",
            "module.seed_bootstrap.google_folder_iam_member.tmp_project_creator",
            "module.seed_bootstrap.google_organization_iam_member.tmp_project_creator",
            "module.seed_bootstrap.module.seed_project.module.project-factory.google_compute_shared_vpc_host_project.shared_vpc_host",
            "module.seed_bootstrap.module.seed_project.module.project-factory.google_compute_shared_vpc_service_project.shared_vpc_attachment",
            "module.seed_bootstrap.module.seed_project.module.project-factory.google_project.main",
            "module.seed_bootstrap.module.seed_project.module.project-factory.module.project_services.data.google_compute_default_service_account.default",
            "module.seed_bootstrap.module.seed_project.module.project-factory.module.project_services.google_project_iam_member.project_service_identity_roles",
            "module.seed_bootstrap.module.seed_project.module.project-factory.module.project_services.google_project_service.project_services",
            "module.seed_bootstrap.module.seed_project.module.project-factory.module.project_services.google_project_service_identity.project_service_identities",
            "module.seed_bootstrap.module.seed_project.module.project-factory.random_id.random_project_id_suffix",
            "module.seed_bootstrap.module.seed_project.module.project-factory.random_string.random_project_id_suffix"
          ]
        },
        {
          "index_key": "roles/resourcemanager.folderViewer",
          "schema_version": 0,
          "attributes": {
            "condition": [],
            "etag": "BwX3p//gjhQ=",
            "folder": "555960767904",
            "id": "folders/555960767904/roles/resourcemanager.folderViewer/serviceAccount:sa-terraform-net@prj-b-seed-3858.iam.gserviceaccount.com",
            "member": "serviceAccount:sa-terraform-net@prj-b-seed-3858.iam.gserviceaccount.com",
            "role": "roles/resourcemanager.folderViewer"
          },
          "sensitive_attributes": [],
          "private": "bnVsbA==",
          "dependencies": [
            "google_folder.bootstrap",
            "google_service_account.terraform-env-sa",
            "module.seed_bootstrap.google_folder_iam_member.tmp_project_creator",
            "module.seed_bootstrap.google_organization_iam_member.tmp_project_creator",
            "module.seed_bootstrap.module.seed_project.module.project-factory.google_compute_shared_vpc_host_project.shared_vpc_host",
            "module.seed_bootstrap.module.seed_project.module.project-factory.google_compute_shared_vpc_service_project.shared_vpc_attachment",
            "module.seed_bootstrap.module.seed_project.module.project-factory.google_project.main",
            "module.seed_bootstrap.module.seed_project.module.project-factory.module.project_services.data.google_compute_default_service_account.default",
            "module.seed_bootstrap.module.seed_project.module.project-factory.module.project_services.google_project_iam_member.project_service_identity_roles",
            "module.seed_bootstrap.module.seed_project.module.project-factory.module.project_services.google_project_service.project_services",
            "module.seed_bootstrap.module.seed_project.module.project-factory.module.project_services.google_project_service_identity.project_service_identities",
            "module.seed_bootstrap.module.seed_project.module.project-factory.random_id.random_project_id_suffix",
            "module.seed_bootstrap.module.seed_project.module.project-factory.random_string.random_project_id_suffix"
          ]
        }
      ]
    },
    {
      "module": "module.parent_iam_member[\"org\"]",
      "mode": "managed",
      "type": "google_folder_iam_member",
      "name": "folder_parent_iam",
      "provider": "provider[\"registry.terraform.io/hashicorp/google\"]",
      "instances": [
        {
          "index_key": "roles/resourcemanager.folderAdmin",
          "schema_version": 0,
          "attributes": {
            "condition": [],
            "etag": "BwX3qAFqZeI=",
            "folder": "555960767904",
            "id": "folders/555960767904/roles/resourcemanager.folderAdmin/serviceAccount:sa-terraform-org@prj-b-seed-3858.iam.gserviceaccount.com",
            "member": "serviceAccount:sa-terraform-org@prj-b-seed-3858.iam.gserviceaccount.com",
            "role": "roles/resourcemanager.folderAdmin"
          },
          "sensitive_attributes": [],
          "private": "bnVsbA==",
          "dependencies": [
            "google_folder.bootstrap",
            "google_service_account.terraform-env-sa",
            "module.seed_bootstrap.google_folder_iam_member.tmp_project_creator",
            "module.seed_bootstrap.google_organization_iam_member.tmp_project_creator",
            "module.seed_bootstrap.module.seed_project.module.project-factory.google_compute_shared_vpc_host_project.shared_vpc_host",
            "module.seed_bootstrap.module.seed_project.module.project-factory.google_compute_shared_vpc_service_project.shared_vpc_attachment",
            "module.seed_bootstrap.module.seed_project.module.project-factory.google_project.main",
            "module.seed_bootstrap.module.seed_project.module.project-factory.module.project_services.data.google_compute_default_service_account.default",
            "module.seed_bootstrap.module.seed_project.module.project-factory.module.project_services.google_project_iam_member.project_service_identity_roles",
            "module.seed_bootstrap.module.seed_project.module.project-factory.module.project_services.google_project_service.project_services",
            "module.seed_bootstrap.module.seed_project.module.project-factory.module.project_services.google_project_service_identity.project_service_identities",
            "module.seed_bootstrap.module.seed_project.module.project-factory.random_id.random_project_id_suffix",
            "module.seed_bootstrap.module.seed_project.module.project-factory.random_string.random_project_id_suffix"
          ]
        }
      ]
    },
    {
      "module": "module.parent_iam_member[\"proj\"]",
      "mode": "managed",
      "type": "google_folder_iam_member",
      "name": "folder_parent_iam",
      "provider": "provider[\"registry.terraform.io/hashicorp/google\"]",
      "instances": [
        {
          "index_key": "roles/artifactregistry.admin",
          "schema_version": 0,
          "attributes": {
            "condition": [],
            "etag": "BwX3p/+azzY=",
            "folder": "555960767904",
            "id": "folders/555960767904/roles/artifactregistry.admin/serviceAccount:sa-terraform-proj@prj-b-seed-3858.iam.gserviceaccount.com",
            "member": "serviceAccount:sa-terraform-proj@prj-b-seed-3858.iam.gserviceaccount.com",
            "role": "roles/artifactregistry.admin"
          },
          "sensitive_attributes": [],
          "private": "bnVsbA==",
          "dependencies": [
            "google_folder.bootstrap",
            "google_service_account.terraform-env-sa",
            "module.seed_bootstrap.google_folder_iam_member.tmp_project_creator",
            "module.seed_bootstrap.google_organization_iam_member.tmp_project_creator",
            "module.seed_bootstrap.module.seed_project.module.project-factory.google_compute_shared_vpc_host_project.shared_vpc_host",
            "module.seed_bootstrap.module.seed_project.module.project-factory.google_compute_shared_vpc_service_project.shared_vpc_attachment",
            "module.seed_bootstrap.module.seed_project.module.project-factory.google_project.main",
            "module.seed_bootstrap.module.seed_project.module.project-factory.module.project_services.data.google_compute_default_service_account.default",
            "module.seed_bootstrap.module.seed_project.module.project-factory.module.project_services.google_project_iam_member.project_service_identity_roles",
            "module.seed_bootstrap.module.seed_project.module.project-factory.module.project_services.google_project_service.project_services",
            "module.seed_bootstrap.module.seed_project.module.project-factory.module.project_services.google_project_service_identity.project_service_identities",
            "module.seed_bootstrap.module.seed_project.module.project-factory.random_id.random_project_id_suffix",
            "module.seed_bootstrap.module.seed_project.module.project-factory.random_string.random_project_id_suffix"
          ]
        },
        {
          "index_key": "roles/compute.networkAdmin",
          "schema_version": 0,
          "attributes": {
            "condition": [],
            "etag": "BwX3qAFqZeI=",
            "folder": "555960767904",
            "id": "folders/555960767904/roles/compute.networkAdmin/serviceAccount:sa-terraform-proj@prj-b-seed-3858.iam.gserviceaccount.com",
            "member": "serviceAccount:sa-terraform-proj@prj-b-seed-3858.iam.gserviceaccount.com",
            "role": "roles/compute.networkAdmin"
          },
          "sensitive_attributes": [],
          "private": "bnVsbA==",
          "dependencies": [
            "google_folder.bootstrap",
            "google_service_account.terraform-env-sa",
            "module.seed_bootstrap.google_folder_iam_member.tmp_project_creator",
            "module.seed_bootstrap.google_organization_iam_member.tmp_project_creator",
            "module.seed_bootstrap.module.seed_project.module.project-factory.google_compute_shared_vpc_host_project.shared_vpc_host",
            "module.seed_bootstrap.module.seed_project.module.project-factory.google_compute_shared_vpc_service_project.shared_vpc_attachment",
            "module.seed_bootstrap.module.seed_project.module.project-factory.google_project.main",
            "module.seed_bootstrap.module.seed_project.module.project-factory.module.project_services.data.google_compute_default_service_account.default",
            "module.seed_bootstrap.module.seed_project.module.project-factory.module.project_services.google_project_iam_member.project_service_identity_roles",
            "module.seed_bootstrap.module.seed_project.module.project-factory.module.project_services.google_project_service.project_services",
            "module.seed_bootstrap.module.seed_project.module.project-factory.module.project_services.google_project_service_identity.project_service_identities",
            "module.seed_bootstrap.module.seed_project.module.project-factory.random_id.random_project_id_suffix",
            "module.seed_bootstrap.module.seed_project.module.project-factory.random_string.random_project_id_suffix"
          ]
        },
        {
          "index_key": "roles/compute.xpnAdmin",
          "schema_version": 0,
          "attributes": {
            "condition": [],
            "etag": "BwX3qAFqZeI=",
            "folder": "555960767904",
            "id": "folders/555960767904/roles/compute.xpnAdmin/serviceAccount:sa-terraform-proj@prj-b-seed-3858.iam.gserviceaccount.com",
            "member": "serviceAccount:sa-terraform-proj@prj-b-seed-3858.iam.gserviceaccount.com",
            "role": "roles/compute.xpnAdmin"
          },
          "sensitive_attributes": [],
          "private": "bnVsbA==",
          "dependencies": [
            "google_folder.bootstrap",
            "google_service_account.terraform-env-sa",
            "module.seed_bootstrap.google_folder_iam_member.tmp_project_creator",
            "module.seed_bootstrap.google_organization_iam_member.tmp_project_creator",
            "module.seed_bootstrap.module.seed_project.module.project-factory.google_compute_shared_vpc_host_project.shared_vpc_host",
            "module.seed_bootstrap.module.seed_project.module.project-factory.google_compute_shared_vpc_service_project.shared_vpc_attachment",
            "module.seed_bootstrap.module.seed_project.module.project-factory.google_project.main",
            "module.seed_bootstrap.module.seed_project.module.project-factory.module.project_services.data.google_compute_default_service_account.default",
            "module.seed_bootstrap.module.seed_project.module.project-factory.module.project_services.google_project_iam_member.project_service_identity_roles",
            "module.seed_bootstrap.module.seed_project.module.project-factory.module.project_services.google_project_service.project_services",
            "module.seed_bootstrap.module.seed_project.module.project-factory.module.project_services.google_project_service_identity.project_service_identities",
            "module.seed_bootstrap.module.seed_project.module.project-factory.random_id.random_project_id_suffix",
            "module.seed_bootstrap.module.seed_project.module.project-factory.random_string.random_project_id_suffix"
          ]
        },
        {
          "index_key": "roles/resourcemanager.folderIamAdmin",
          "schema_version": 0,
          "attributes": {
            "condition": [],
            "etag": "BwX3qAFqZeI=",
            "folder": "555960767904",
            "id": "folders/555960767904/roles/resourcemanager.folderIamAdmin/serviceAccount:sa-terraform-proj@prj-b-seed-3858.iam.gserviceaccount.com",
            "member": "serviceAccount:sa-terraform-proj@prj-b-seed-3858.iam.gserviceaccount.com",
            "role": "roles/resourcemanager.folderIamAdmin"
          },
          "sensitive_attributes": [],
          "private": "bnVsbA==",
          "dependencies": [
            "google_folder.bootstrap",
            "google_service_account.terraform-env-sa",
            "module.seed_bootstrap.google_folder_iam_member.tmp_project_creator",
            "module.seed_bootstrap.google_organization_iam_member.tmp_project_creator",
            "module.seed_bootstrap.module.seed_project.module.project-factory.google_compute_shared_vpc_host_project.shared_vpc_host",
            "module.seed_bootstrap.module.seed_project.module.project-factory.google_compute_shared_vpc_service_project.shared_vpc_attachment",
            "module.seed_bootstrap.module.seed_project.module.project-factory.google_project.main",
            "module.seed_bootstrap.module.seed_project.module.project-factory.module.project_services.data.google_compute_default_service_account.default",
            "module.seed_bootstrap.module.seed_project.module.project-factory.module.project_services.google_project_iam_member.project_service_identity_roles",
            "module.seed_bootstrap.module.seed_project.module.project-factory.module.project_services.google_project_service.project_services",
            "module.seed_bootstrap.module.seed_project.module.project-factory.module.project_services.google_project_service_identity.project_service_identities",
            "module.seed_bootstrap.module.seed_project.module.project-factory.random_id.random_project_id_suffix",
            "module.seed_bootstrap.module.seed_project.module.project-factory.random_string.random_project_id_suffix"
          ]
        },
        {
          "index_key": "roles/resourcemanager.folderViewer",
          "schema_version": 0,
          "attributes": {
            "condition": [],
            "etag": "BwX3p/6Jhhc=",
            "folder": "555960767904",
            "id": "folders/555960767904/roles/resourcemanager.folderViewer/serviceAccount:sa-terraform-proj@prj-b-seed-3858.iam.gserviceaccount.com",
            "member": "serviceAccount:sa-terraform-proj@prj-b-seed-3858.iam.gserviceaccount.com",
            "role": "roles/resourcemanager.folderViewer"
          },
          "sensitive_attributes": [],
          "private": "bnVsbA==",
          "dependencies": [
            "google_folder.bootstrap",
            "google_service_account.terraform-env-sa",
            "module.seed_bootstrap.google_folder_iam_member.tmp_project_creator",
            "module.seed_bootstrap.google_organization_iam_member.tmp_project_creator",
            "module.seed_bootstrap.module.seed_project.module.project-factory.google_compute_shared_vpc_host_project.shared_vpc_host",
            "module.seed_bootstrap.module.seed_project.module.project-factory.google_compute_shared_vpc_service_project.shared_vpc_attachment",
            "module.seed_bootstrap.module.seed_project.module.project-factory.google_project.main",
            "module.seed_bootstrap.module.seed_project.module.project-factory.module.project_services.data.google_compute_default_service_account.default",
            "module.seed_bootstrap.module.seed_project.module.project-factory.module.project_services.google_project_iam_member.project_service_identity_roles",
            "module.seed_bootstrap.module.seed_project.module.project-factory.module.project_services.google_project_service.project_services",
            "module.seed_bootstrap.module.seed_project.module.project-factory.module.project_services.google_project_service_identity.project_service_identities",
            "module.seed_bootstrap.module.seed_project.module.project-factory.random_id.random_project_id_suffix",
            "module.seed_bootstrap.module.seed_project.module.project-factory.random_string.random_project_id_suffix"
          ]
        }
      ]
    },
    {
      "module": "module.required_group[\"audit_data_users\"]",
      "mode": "managed",
      "type": "google_cloud_identity_group",
      "name": "group",
      "provider": "provider[\"registry.terraform.io/hashicorp/google-beta\"]",
      "instances": [
        {
          "schema_version": 0,
          "attributes": {
            "create_time": "2023-03-24T16:21:56.331610Z",
            "description": "audit_data_users",
            "display_name": "audit_data_users",
            "group_key": [
              {
                "id": "group_audit_users@simco.com",
                "namespace": ""
              }
            ],
            "id": "groups/049x2ik52qyx6w2",
            "initial_group_config": "WITH_INITIAL_OWNER",
            "labels": {
              "cloudidentity.googleapis.com/groups.discussion_forum": ""
            },
            "name": "groups/049x2ik52qyx6w2",
            "parent": "customers/C0158of42",
            "timeouts": null,
            "update_time": "2023-03-24T16:21:56.331610Z"
          },
          "sensitive_attributes": [],
          "private": "eyJlMmJmYjczMC1lY2FhLTExZTYtOGY4OC0zNDM2M2JjN2M0YzAiOnsiY3JlYXRlIjoxMjAwMDAwMDAwMDAwLCJkZWxldGUiOjEyMDAwMDAwMDAwMDAsInVwZGF0ZSI6MTIwMDAwMDAwMDAwMH19",
          "dependencies": [
            "data.google_organization.org",
            "module.required_group.data.google_organization.org"
          ]
        }
      ]
    },
    {
      "module": "module.required_group[\"billing_data_users\"]",
      "mode": "managed",
      "type": "google_cloud_identity_group",
      "name": "group",
      "provider": "provider[\"registry.terraform.io/hashicorp/google-beta\"]",
      "instances": [
        {
          "schema_version": 0,
          "attributes": {
            "create_time": "2023-03-24T16:21:57.412722Z",
            "description": "billing_data_users",
            "display_name": "billing_data_users",
            "group_key": [
              {
                "id": "group_billing_users@simco.com",
                "namespace": ""
              }
            ],
            "id": "groups/02r0uhxc4gt4oph",
            "initial_group_config": "WITH_INITIAL_OWNER",
            "labels": {
              "cloudidentity.googleapis.com/groups.discussion_forum": ""
            },
            "name": "groups/02r0uhxc4gt4oph",
            "parent": "customers/C0158of42",
            "timeouts": null,
            "update_time": "2023-03-24T16:21:57.412722Z"
          },
          "sensitive_attributes": [],
          "private": "eyJlMmJmYjczMC1lY2FhLTExZTYtOGY4OC0zNDM2M2JjN2M0YzAiOnsiY3JlYXRlIjoxMjAwMDAwMDAwMDAwLCJkZWxldGUiOjEyMDAwMDAwMDAwMDAsInVwZGF0ZSI6MTIwMDAwMDAwMDAwMH19",
          "dependencies": [
            "data.google_organization.org",
            "module.required_group.data.google_organization.org"
          ]
        }
      ]
    },
    {
      "module": "module.required_group[\"group_billing_admins\"]",
      "mode": "managed",
      "type": "google_cloud_identity_group",
      "name": "group",
      "provider": "provider[\"registry.terraform.io/hashicorp/google-beta\"]",
      "instances": [
        {
          "schema_version": 0,
          "attributes": {
            "create_time": "2023-03-24T16:21:56.320230Z",
            "description": "group_billing_admins",
            "display_name": "group_billing_admins",
            "group_key": [
              {
                "id": "group_billing_admins@simco.com",
                "namespace": ""
              }
            ],
            "id": "groups/02fk6b3p2a05e8g",
            "initial_group_config": "WITH_INITIAL_OWNER",
            "labels": {
              "cloudidentity.googleapis.com/groups.discussion_forum": ""
            },
            "name": "groups/02fk6b3p2a05e8g",
            "parent": "customers/C0158of42",
            "timeouts": null,
            "update_time": "2023-03-24T16:21:56.320230Z"
          },
          "sensitive_attributes": [],
          "private": "eyJlMmJmYjczMC1lY2FhLTExZTYtOGY4OC0zNDM2M2JjN2M0YzAiOnsiY3JlYXRlIjoxMjAwMDAwMDAwMDAwLCJkZWxldGUiOjEyMDAwMDAwMDAwMDAsInVwZGF0ZSI6MTIwMDAwMDAwMDAwMH19",
          "dependencies": [
            "data.google_organization.org",
            "module.required_group.data.google_organization.org"
          ]
        }
      ]
    },
    {
      "module": "module.required_group[\"group_org_admins\"]",
      "mode": "managed",
      "type": "google_cloud_identity_group",
      "name": "group",
      "provider": "provider[\"registry.terraform.io/hashicorp/google-beta\"]",
      "instances": [
        {
          "schema_version": 0,
          "attributes": {
            "create_time": "2023-03-24T16:22:04.149046Z",
            "description": "group_org_admins",
            "display_name": "group_org_admins",
            "group_key": [
              {
                "id": "group_org_admins@simco.com",
                "namespace": ""
              }
            ],
            "id": "groups/030j0zll2f9qdih",
            "initial_group_config": "WITH_INITIAL_OWNER",
            "labels": {
              "cloudidentity.googleapis.com/groups.discussion_forum": ""
            },
            "name": "groups/030j0zll2f9qdih",
            "parent": "customers/C0158of42",
            "timeouts": null,
            "update_time": "2023-03-24T16:22:04.149046Z"
          },
          "sensitive_attributes": [],
          "private": "eyJlMmJmYjczMC1lY2FhLTExZTYtOGY4OC0zNDM2M2JjN2M0YzAiOnsiY3JlYXRlIjoxMjAwMDAwMDAwMDAwLCJkZWxldGUiOjEyMDAwMDAwMDAwMDAsInVwZGF0ZSI6MTIwMDAwMDAwMDAwMH19",
          "dependencies": [
            "data.google_organization.org",
            "module.required_group.data.google_organization.org"
          ]
        }
      ]
    },
    {
      "module": "module.required_group[\"monitoring_workspace_users\"]",
      "mode": "managed",
      "type": "google_cloud_identity_group",
      "name": "group",
      "provider": "provider[\"registry.terraform.io/hashicorp/google-beta\"]",
      "instances": [
        {
          "schema_version": 0,
          "attributes": {
            "create_time": "2023-03-24T16:21:56.944784Z",
            "description": "monitoring_workspace_users",
            "display_name": "monitoring_workspace_users",
            "group_key": [
              {
                "id": "group_monitoring_user@simco.com",
                "namespace": ""
              }
            ],
            "id": "groups/01qoc8b130cigd3",
            "initial_group_config": "WITH_INITIAL_OWNER",
            "labels": {
              "cloudidentity.googleapis.com/groups.discussion_forum": ""
            },
            "name": "groups/01qoc8b130cigd3",
            "parent": "customers/C0158of42",
            "timeouts": null,
            "update_time": "2023-03-24T16:21:56.944784Z"
          },
          "sensitive_attributes": [],
          "private": "eyJlMmJmYjczMC1lY2FhLTExZTYtOGY4OC0zNDM2M2JjN2M0YzAiOnsiY3JlYXRlIjoxMjAwMDAwMDAwMDAwLCJkZWxldGUiOjEyMDAwMDAwMDAwMDAsInVwZGF0ZSI6MTIwMDAwMDAwMDAwMH19",
          "dependencies": [
            "data.google_organization.org",
            "module.required_group.data.google_organization.org"
          ]
        }
      ]
    },
    {
      "module": "module.seed_bootstrap",
      "mode": "data",
      "type": "google_storage_project_service_account",
      "name": "gcs_account",
      "provider": "provider[\"registry.terraform.io/hashicorp/google\"]",
      "instances": [
        {
          "schema_version": 0,
          "attributes": {
            "email_address": "service-408617540844@gs-project-accounts.iam.gserviceaccount.com",
            "id": "service-408617540844@gs-project-accounts.iam.gserviceaccount.com",
            "member": "serviceAccount:service-408617540844@gs-project-accounts.iam.gserviceaccount.com",
            "project": "prj-b-seed-3858",
            "user_project": null
          },
          "sensitive_attributes": []
        }
      ]
    },
    {
      "module": "module.seed_bootstrap",
      "mode": "managed",
      "type": "google_folder_iam_binding",
      "name": "project_creator",
      "provider": "provider[\"registry.terraform.io/hashicorp/google\"]",
      "instances": [
        {
          "index_key": 0,
          "schema_version": 0,
          "attributes": {
            "condition": [],
            "etag": "BwX3qAG53A0=",
            "folder": "555960767904",
            "id": "folders/555960767904/roles/resourcemanager.projectCreator",
            "members": [
              "group:group_org_admins@simco.com",
              "serviceAccount:sa-terraform-bootstrap@prj-b-seed-3858.iam.gserviceaccount.com",
              "serviceAccount:sa-terraform-env@prj-b-seed-3858.iam.gserviceaccount.com",
              "serviceAccount:sa-terraform-net@prj-b-seed-3858.iam.gserviceaccount.com",
              "serviceAccount:sa-terraform-org@prj-b-seed-3858.iam.gserviceaccount.com",
              "serviceAccount:sa-terraform-proj@prj-b-seed-3858.iam.gserviceaccount.com"
            ],
            "role": "roles/resourcemanager.projectCreator"
          },
          "sensitive_attributes": [],
          "private": "bnVsbA==",
          "dependencies": [
            "google_folder.bootstrap",
            "google_service_account.terraform-env-sa",
            "module.seed_bootstrap.google_folder_iam_member.tmp_project_creator",
            "module.seed_bootstrap.google_organization_iam_member.tmp_project_creator",
            "module.seed_bootstrap.google_service_account.org_terraform",
            "module.seed_bootstrap.module.seed_project.module.project-factory.google_compute_shared_vpc_host_project.shared_vpc_host",
            "module.seed_bootstrap.module.seed_project.module.project-factory.google_compute_shared_vpc_service_project.shared_vpc_attachment",
            "module.seed_bootstrap.module.seed_project.module.project-factory.google_project.main",
            "module.seed_bootstrap.module.seed_project.module.project-factory.module.project_services.data.google_compute_default_service_account.default",
            "module.seed_bootstrap.module.seed_project.module.project-factory.module.project_services.google_project_iam_member.project_service_identity_roles",
            "module.seed_bootstrap.module.seed_project.module.project-factory.module.project_services.google_project_service.project_services",
            "module.seed_bootstrap.module.seed_project.module.project-factory.module.project_services.google_project_service_identity.project_service_identities",
            "module.seed_bootstrap.module.seed_project.module.project-factory.random_id.random_project_id_suffix",
            "module.seed_bootstrap.module.seed_project.module.project-factory.random_string.random_project_id_suffix"
          ]
        }
      ]
    },
    {
      "module": "module.seed_bootstrap",
      "mode": "managed",
      "type": "google_folder_iam_member",
      "name": "org_admin_service_account_user",
      "provider": "provider[\"registry.terraform.io/hashicorp/google\"]",
      "instances": [
        {
          "index_key": 0,
          "schema_version": 0,
          "attributes": {
            "condition": [],
            "etag": "BwX3p+scmvM=",
            "folder": "555960767904",
            "id": "folders/555960767904/roles/iam.serviceAccountUser/group:group_org_admins@simco.com",
            "member": "group:group_org_admins@simco.com",
            "role": "roles/iam.serviceAccountUser"
          },
          "sensitive_attributes": [],
          "private": "bnVsbA=="
        }
      ]
    },
    {
      "module": "module.seed_bootstrap",
      "mode": "managed",
      "type": "google_folder_iam_member",
      "name": "org_admin_serviceusage_consumer",
      "provider": "provider[\"registry.terraform.io/hashicorp/google\"]",
      "instances": [
        {
          "index_key": 0,
          "schema_version": 0,
          "attributes": {
            "condition": [],
            "etag": "BwX3p+ui6uM=",
            "folder": "555960767904",
            "id": "folders/555960767904/roles/serviceusage.serviceUsageConsumer/group:group_org_admins@simco.com",
            "member": "group:group_org_admins@simco.com",
            "role": "roles/serviceusage.serviceUsageConsumer"
          },
          "sensitive_attributes": [],
          "private": "bnVsbA=="
        }
      ]
    },
    {
      "module": "module.seed_bootstrap",
      "mode": "managed",
      "type": "google_folder_iam_member",
      "name": "tmp_project_creator",
      "provider": "provider[\"registry.terraform.io/hashicorp/google\"]",
      "instances": [
        {
          "index_key": 0,
          "schema_version": 0,
          "attributes": {
            "condition": [],
            "etag": "BwX3p+ui6uM=",
            "folder": "555960767904",
            "id": "folders/555960767904/roles/resourcemanager.projectCreator/group:group_org_admins@simco.com",
            "member": "group:group_org_admins@simco.com",
            "role": "roles/resourcemanager.projectCreator"
          },
          "sensitive_attributes": [],
          "private": "bnVsbA=="
        }
      ]
    },
    {
      "module": "module.seed_bootstrap",
      "mode": "managed",
      "type": "google_organization_iam_binding",
      "name": "billing_creator",
      "provider": "provider[\"registry.terraform.io/hashicorp/google\"]",
      "instances": [
        {
          "schema_version": 0,
          "attributes": {
            "condition": [],
            "etag": "BwX3p+uZvNk=",
            "id": "659606641909/roles/billing.creator",
            "members": [
              "group:group_billing_admins@simco.com"
            ],
            "org_id": "659606641909",
            "role": "roles/billing.creator"
          },
          "sensitive_attributes": [],
          "private": "bnVsbA=="
        }
      ]
    },
    {
      "module": "module.seed_bootstrap",
      "mode": "managed",
      "type": "google_organization_iam_member",
      "name": "org_admins_group",
      "provider": "provider[\"registry.terraform.io/hashicorp/google\"]",
      "instances": [
        {
          "index_key": "roles/billing.user",
          "schema_version": 0,
          "attributes": {
            "condition": [],
            "etag": "BwX3p+uZvNk=",
            "id": "659606641909/roles/billing.user/group:group_org_admins@simco.com",
            "member": "group:group_org_admins@simco.com",
            "org_id": "659606641909",
            "role": "roles/billing.user"
          },
          "sensitive_attributes": [],
          "private": "bnVsbA=="
        },
        {
          "index_key": "roles/resourcemanager.organizationAdmin",
          "schema_version": 0,
          "attributes": {
            "condition": [],
            "etag": "BwX3p+sbDCc=",
            "id": "659606641909/roles/resourcemanager.organizationAdmin/group:group_org_admins@simco.com",
            "member": "group:group_org_admins@simco.com",
            "org_id": "659606641909",
            "role": "roles/resourcemanager.organizationAdmin"
          },
          "sensitive_attributes": [],
          "private": "bnVsbA=="
        }
      ]
    },
    {
      "module": "module.seed_bootstrap",
      "mode": "managed",
      "type": "google_organization_iam_member",
      "name": "org_billing_admin",
      "provider": "provider[\"registry.terraform.io/hashicorp/google\"]",
      "instances": [
        {
          "schema_version": 0,
          "attributes": {
            "condition": [],
            "etag": "BwX3p8rGnfg=",
            "id": "659606641909/roles/billing.admin/group:group_billing_admins@simco.com",
            "member": "group:group_billing_admins@simco.com",
            "org_id": "659606641909",
            "role": "roles/billing.admin"
          },
          "sensitive_attributes": [],
          "private": "bnVsbA=="
        }
      ]
    },
    {
      "module": "module.seed_bootstrap",
      "mode": "managed",
      "type": "google_storage_bucket",
      "name": "org_terraform_state",
      "provider": "provider[\"registry.terraform.io/hashicorp/google\"]",
      "instances": [
        {
          "schema_version": 0,
          "attributes": {
            "autoclass": [],
            "cors": [],
            "custom_placement_config": [],
            "default_event_based_hold": false,
            "encryption": [],
            "force_destroy": true,
            "id": "bkt-prj-b-seed-tfstate-888f",
            "labels": null,
            "lifecycle_rule": [],
            "location": "US-CENTRAL1",
            "logging": [],
            "name": "bkt-prj-b-seed-tfstate-888f",
            "project": "prj-b-seed-3858",
            "public_access_prevention": "inherited",
            "requester_pays": false,
            "retention_policy": [],
            "self_link": "https://www.googleapis.com/storage/v1/b/bkt-prj-b-seed-tfstate-888f",
            "storage_class": "STANDARD",
            "timeouts": null,
            "uniform_bucket_level_access": true,
            "url": "gs://bkt-prj-b-seed-tfstate-888f",
            "versioning": [
              {
                "enabled": true
              }
            ],
            "website": []
          },
          "sensitive_attributes": [],
          "private": "eyJlMmJmYjczMC1lY2FhLTExZTYtOGY4OC0zNDM2M2JjN2M0YzAiOnsiY3JlYXRlIjo2MDAwMDAwMDAwMDAsInJlYWQiOjI0MDAwMDAwMDAwMCwidXBkYXRlIjoyNDAwMDAwMDAwMDB9fQ==",
          "dependencies": [
            "google_folder.bootstrap",
            "module.seed_bootstrap.google_folder_iam_member.tmp_project_creator",
            "module.seed_bootstrap.google_organization_iam_member.tmp_project_creator",
            "module.seed_bootstrap.module.kms.google_kms_crypto_key.key",
            "module.seed_bootstrap.module.kms.google_kms_crypto_key.key_ephemeral",
            "module.seed_bootstrap.module.kms.google_kms_crypto_key_iam_binding.decrypters",
            "module.seed_bootstrap.module.kms.google_kms_crypto_key_iam_binding.encrypters",
            "module.seed_bootstrap.module.kms.google_kms_crypto_key_iam_binding.owners",
            "module.seed_bootstrap.module.seed_project.module.project-factory.google_compute_shared_vpc_host_project.shared_vpc_host",
            "module.seed_bootstrap.module.seed_project.module.project-factory.google_compute_shared_vpc_service_project.shared_vpc_attachment",
            "module.seed_bootstrap.module.seed_project.module.project-factory.google_project.main",
            "module.seed_bootstrap.module.seed_project.module.project-factory.module.project_services.data.google_compute_default_service_account.default",
            "module.seed_bootstrap.module.seed_project.module.project-factory.module.project_services.google_project_iam_member.project_service_identity_roles",
            "module.seed_bootstrap.module.seed_project.module.project-factory.module.project_services.google_project_service.project_services",
            "module.seed_bootstrap.module.seed_project.module.project-factory.module.project_services.google_project_service_identity.project_service_identities",
            "module.seed_bootstrap.module.seed_project.module.project-factory.random_id.random_project_id_suffix",
            "module.seed_bootstrap.module.seed_project.module.project-factory.random_string.random_project_id_suffix",
            "module.seed_bootstrap.random_id.suffix"
          ]
        }
      ]
    },
    {
      "module": "module.seed_bootstrap",
      "mode": "managed",
      "type": "google_storage_bucket_iam_member",
      "name": "orgadmins_state_iam",
      "provider": "provider[\"registry.terraform.io/hashicorp/google\"]",
      "instances": [
        {
          "index_key": 0,
          "schema_version": 0,
          "attributes": {
            "bucket": "b/bkt-prj-b-seed-tfstate-888f",
            "condition": [],
            "etag": "CAI=",
            "id": "b/bkt-prj-b-seed-tfstate-888f/roles/storage.admin/group:group_org_admins@simco.com",
            "member": "group:group_org_admins@simco.com",
            "role": "roles/storage.admin"
          },
          "sensitive_attributes": [],
          "private": "bnVsbA==",
          "dependencies": [
            "google_folder.bootstrap",
            "module.seed_bootstrap.google_folder_iam_member.tmp_project_creator",
            "module.seed_bootstrap.google_organization_iam_member.tmp_project_creator",
            "module.seed_bootstrap.google_storage_bucket.org_terraform_state",
            "module.seed_bootstrap.module.kms.google_kms_crypto_key.key",
            "module.seed_bootstrap.module.kms.google_kms_crypto_key.key_ephemeral",
            "module.seed_bootstrap.module.kms.google_kms_crypto_key_iam_binding.decrypters",
            "module.seed_bootstrap.module.kms.google_kms_crypto_key_iam_binding.encrypters",
            "module.seed_bootstrap.module.kms.google_kms_crypto_key_iam_binding.owners",
            "module.seed_bootstrap.module.seed_project.module.project-factory.google_compute_shared_vpc_host_project.shared_vpc_host",
            "module.seed_bootstrap.module.seed_project.module.project-factory.google_compute_shared_vpc_service_project.shared_vpc_attachment",
            "module.seed_bootstrap.module.seed_project.module.project-factory.google_project.main",
            "module.seed_bootstrap.module.seed_project.module.project-factory.module.project_services.data.google_compute_default_service_account.default",
            "module.seed_bootstrap.module.seed_project.module.project-factory.module.project_services.google_project_iam_member.project_service_identity_roles",
            "module.seed_bootstrap.module.seed_project.module.project-factory.module.project_services.google_project_service.project_services",
            "module.seed_bootstrap.module.seed_project.module.project-factory.module.project_services.google_project_service_identity.project_service_identities",
            "module.seed_bootstrap.module.seed_project.module.project-factory.random_id.random_project_id_suffix",
            "module.seed_bootstrap.module.seed_project.module.project-factory.random_string.random_project_id_suffix",
            "module.seed_bootstrap.random_id.suffix"
          ]
        }
      ]
    },
    {
      "module": "module.seed_bootstrap",
      "mode": "managed",
      "type": "random_id",
      "name": "suffix",
      "provider": "provider[\"registry.terraform.io/hashicorp/random\"]",
      "instances": [
        {
          "schema_version": 0,
          "attributes": {
            "b64_std": "iI8=",
            "b64_url": "iI8",
            "byte_length": 2,
            "dec": "34959",
            "hex": "888f",
            "id": "iI8",
            "keepers": null,
            "prefix": null
          },
          "sensitive_attributes": []
        }
      ]
    },
    {
      "module": "module.seed_bootstrap.module.enable_cross_project_service_account_usage",
      "mode": "managed",
      "type": "google_project_organization_policy",
      "name": "project_policy_boolean",
      "provider": "provider[\"registry.terraform.io/hashicorp/google\"]",
      "instances": [
        {
          "index_key": 0,
          "schema_version": 0,
          "attributes": {
            "boolean_policy": [
              {
                "enforced": false
              }
            ],
            "constraint": "constraints/iam.disableCrossProjectServiceAccountUsage",
            "etag": "CMWi96AGEIjcgAg=",
            "id": "prj-b-seed-3858:constraints/iam.disableCrossProjectServiceAccountUsage",
            "list_policy": [],
            "project": "prj-b-seed-3858",
            "restore_policy": [],
            "timeouts": null,
            "update_time": "2023-03-24T16:35:17.016789Z",
            "version": 0
          },
          "sensitive_attributes": [],
          "private": "eyJlMmJmYjczMC1lY2FhLTExZTYtOGY4OC0zNDM2M2JjN2M0YzAiOnsiY3JlYXRlIjoyNDAwMDAwMDAwMDAsImRlbGV0ZSI6MjQwMDAwMDAwMDAwLCJyZWFkIjoyNDAwMDAwMDAwMDAsInVwZGF0ZSI6MjQwMDAwMDAwMDAwfX0=",
          "dependencies": [
            "google_folder.bootstrap",
            "module.seed_bootstrap.google_folder_iam_member.tmp_project_creator",
            "module.seed_bootstrap.google_organization_iam_member.tmp_project_creator",
            "module.seed_bootstrap.module.seed_project.module.project-factory.google_compute_shared_vpc_host_project.shared_vpc_host",
            "module.seed_bootstrap.module.seed_project.module.project-factory.google_compute_shared_vpc_service_project.shared_vpc_attachment",
            "module.seed_bootstrap.module.seed_project.module.project-factory.google_project.main",
            "module.seed_bootstrap.module.seed_project.module.project-factory.module.project_services.data.google_compute_default_service_account.default",
            "module.seed_bootstrap.module.seed_project.module.project-factory.module.project_services.google_project_iam_member.project_service_identity_roles",
            "module.seed_bootstrap.module.seed_project.module.project-factory.module.project_services.google_project_service.project_services",
            "module.seed_bootstrap.module.seed_project.module.project-factory.module.project_services.google_project_service_identity.project_service_identities",
            "module.seed_bootstrap.module.seed_project.module.project-factory.random_id.random_project_id_suffix",
            "module.seed_bootstrap.module.seed_project.module.project-factory.random_string.random_project_id_suffix"
          ]
        }
      ]
    },
    {
      "module": "module.seed_bootstrap.module.seed_project.module.budget",
      "mode": "data",
      "type": "google_project",
      "name": "project",
      "provider": "provider[\"registry.terraform.io/hashicorp/google\"]",
      "instances": [
        {
          "index_key": 0,
          "schema_version": 0,
          "attributes": {
            "auto_create_network": null,
            "billing_account": "014A88-F67EB8-F56E07",
            "folder_id": "1095990264402",
            "id": "projects/prj-b-seed-3858",
            "labels": {
              "billing_code": "bootstrap",
              "env_code": "b",
              "environment": "bootstrap",
              "primary_contact": "example1",
              "secondary_contact": "example2"
            },
            "name": "prj-b-seed",
            "number": "408617540844",
            "org_id": "",
            "project_id": "prj-b-seed-3858",
            "skip_delete": null
          },
          "sensitive_attributes": []
        }
      ]
    },
    {
      "module": "module.seed_bootstrap.module.seed_project.module.project-factory",
      "mode": "managed",
      "type": "google_project",
      "name": "main",
      "provider": "provider[\"registry.terraform.io/hashicorp/google\"]",
      "instances": [
        {
          "schema_version": 1,
          "attributes": {
            "auto_create_network": false,
            "billing_account": "014A88-F67EB8-F56E07",
            "folder_id": "1095990264402",
            "id": "projects/prj-b-seed-3858",
            "labels": {
              "billing_code": "bootstrap",
              "env_code": "b",
              "environment": "bootstrap",
              "primary_contact": "example1",
              "secondary_contact": "example2"
            },
            "name": "prj-b-seed",
            "number": "408617540844",
            "org_id": "",
            "project_id": "prj-b-seed-3858",
            "skip_delete": null,
            "timeouts": null
          },
          "sensitive_attributes": [],
          "private": "eyJlMmJmYjczMC1lY2FhLTExZTYtOGY4OC0zNDM2M2JjN2M0YzAiOnsiY3JlYXRlIjo2MDAwMDAwMDAwMDAsImRlbGV0ZSI6NjAwMDAwMDAwMDAwLCJyZWFkIjo2MDAwMDAwMDAwMDAsInVwZGF0ZSI6NjAwMDAwMDAwMDAwfSwic2NoZW1hX3ZlcnNpb24iOiIxIn0=",
          "dependencies": [
            "google_folder.bootstrap",
            "module.seed_bootstrap.google_folder_iam_member.tmp_project_creator",
            "module.seed_bootstrap.google_organization_iam_member.tmp_project_creator",
            "module.seed_bootstrap.module.seed_project.module.project-factory.random_id.random_project_id_suffix",
            "module.seed_bootstrap.module.seed_project.module.project-factory.random_string.random_project_id_suffix"
          ]
        }
      ]
    },
    {
      "module": "module.seed_bootstrap.module.seed_project.module.project-factory",
      "mode": "managed",
      "type": "google_project_default_service_accounts",
      "name": "default_service_accounts",
      "provider": "provider[\"registry.terraform.io/hashicorp/google\"]",
      "instances": [
        {
          "index_key": 0,
          "schema_version": 0,
          "attributes": {
            "action": "DISABLE",
            "id": "projects/prj-b-seed-3858",
            "project": "prj-b-seed-3858",
            "restore_policy": "REVERT_AND_IGNORE_FAILURE",
            "service_accounts": {
              "113499330835243511300": "408617540844-compute@developer.gserviceaccount.com"
            },
            "timeouts": null
          },
          "sensitive_attributes": [],
          "private": "eyJlMmJmYjczMC1lY2FhLTExZTYtOGY4OC0zNDM2M2JjN2M0YzAiOnsiY3JlYXRlIjo2MDAwMDAwMDAwMDAsImRlbGV0ZSI6NjAwMDAwMDAwMDAwLCJyZWFkIjo2MDAwMDAwMDAwMDB9fQ==",
          "dependencies": [
            "google_folder.bootstrap",
            "module.seed_bootstrap.google_folder_iam_member.tmp_project_creator",
            "module.seed_bootstrap.google_organization_iam_member.tmp_project_creator",
            "module.seed_bootstrap.module.seed_project.module.project-factory.google_project.main",
            "module.seed_bootstrap.module.seed_project.module.project-factory.module.project_services.data.google_compute_default_service_account.default",
            "module.seed_bootstrap.module.seed_project.module.project-factory.module.project_services.google_project_iam_member.project_service_identity_roles",
            "module.seed_bootstrap.module.seed_project.module.project-factory.module.project_services.google_project_service.project_services",
            "module.seed_bootstrap.module.seed_project.module.project-factory.module.project_services.google_project_service_identity.project_service_identities",
            "module.seed_bootstrap.module.seed_project.module.project-factory.random_id.random_project_id_suffix",
            "module.seed_bootstrap.module.seed_project.module.project-factory.random_string.random_project_id_suffix"
          ]
        }
      ]
    },
    {
      "module": "module.seed_bootstrap.module.seed_project.module.project-factory",
      "mode": "managed",
      "type": "google_resource_manager_lien",
      "name": "lien",
      "provider": "provider[\"registry.terraform.io/hashicorp/google\"]",
      "instances": [
        {
          "index_key": 0,
          "schema_version": 0,
          "attributes": {
            "create_time": "2023-03-24T16:34:35.950121Z",
            "id": "p408617540844-l7595fc4c-5794-4e83-a591-6f931939b116",
            "name": "p408617540844-l7595fc4c-5794-4e83-a591-6f931939b116",
            "origin": "project-factory",
            "parent": "projects/408617540844",
            "reason": "Project Factory lien",
            "restrictions": [
              "resourcemanager.projects.delete"
            ],
            "timeouts": null
          },
          "sensitive_attributes": [],
          "private": "eyJlMmJmYjczMC1lY2FhLTExZTYtOGY4OC0zNDM2M2JjN2M0YzAiOnsiY3JlYXRlIjoxMjAwMDAwMDAwMDAwLCJkZWxldGUiOjEyMDAwMDAwMDAwMDB9fQ==",
          "dependencies": [
            "google_folder.bootstrap",
            "module.seed_bootstrap.google_folder_iam_member.tmp_project_creator",
            "module.seed_bootstrap.google_organization_iam_member.tmp_project_creator",
            "module.seed_bootstrap.module.seed_project.module.project-factory.google_project.main",
            "module.seed_bootstrap.module.seed_project.module.project-factory.random_id.random_project_id_suffix",
            "module.seed_bootstrap.module.seed_project.module.project-factory.random_string.random_project_id_suffix"
          ]
        }
      ]
    },
    {
      "module": "module.seed_bootstrap.module.seed_project.module.project-factory",
      "mode": "managed",
      "type": "random_id",
      "name": "random_project_id_suffix",
      "provider": "provider[\"registry.terraform.io/hashicorp/random\"]",
      "instances": [
        {
          "schema_version": 0,
          "attributes": {
            "b64_std": "OFg=",
            "b64_url": "OFg",
            "byte_length": 2,
            "dec": "14424",
            "hex": "3858",
            "id": "OFg",
            "keepers": null,
            "prefix": null
          },
          "sensitive_attributes": []
        }
      ]
    },
    {
      "module": "module.seed_bootstrap.module.seed_project.module.project-factory.module.project_services",
      "mode": "managed",
      "type": "google_project_service",
      "name": "project_services",
      "provider": "provider[\"registry.terraform.io/hashicorp/google\"]",
      "instances": [
        {
          "index_key": "accesscontextmanager.googleapis.com",
          "schema_version": 0,
          "attributes": {
            "disable_dependent_services": true,
            "disable_on_destroy": false,
            "id": "prj-b-seed-3858/accesscontextmanager.googleapis.com",
            "project": "prj-b-seed-3858",
            "service": "accesscontextmanager.googleapis.com",
            "timeouts": null
          },
          "sensitive_attributes": [],
          "private": "eyJlMmJmYjczMC1lY2FhLTExZTYtOGY4OC0zNDM2M2JjN2M0YzAiOnsiY3JlYXRlIjoxMjAwMDAwMDAwMDAwLCJkZWxldGUiOjEyMDAwMDAwMDAwMDAsInJlYWQiOjYwMDAwMDAwMDAwMCwidXBkYXRlIjoxMjAwMDAwMDAwMDAwfX0=",
          "dependencies": [
            "google_folder.bootstrap",
            "module.seed_bootstrap.google_folder_iam_member.tmp_project_creator",
            "module.seed_bootstrap.google_organization_iam_member.tmp_project_creator",
            "module.seed_bootstrap.module.seed_project.module.project-factory.google_project.main",
            "module.seed_bootstrap.module.seed_project.module.project-factory.random_id.random_project_id_suffix",
            "module.seed_bootstrap.module.seed_project.module.project-factory.random_string.random_project_id_suffix"
          ]
        },
        {
          "index_key": "admin.googleapis.com",
          "schema_version": 0,
          "attributes": {
            "disable_dependent_services": true,
            "disable_on_destroy": false,
            "id": "prj-b-seed-3858/admin.googleapis.com",
            "project": "prj-b-seed-3858",
            "service": "admin.googleapis.com",
            "timeouts": null
          },
          "sensitive_attributes": [],
          "private": "eyJlMmJmYjczMC1lY2FhLTExZTYtOGY4OC0zNDM2M2JjN2M0YzAiOnsiY3JlYXRlIjoxMjAwMDAwMDAwMDAwLCJkZWxldGUiOjEyMDAwMDAwMDAwMDAsInJlYWQiOjYwMDAwMDAwMDAwMCwidXBkYXRlIjoxMjAwMDAwMDAwMDAwfX0=",
          "dependencies": [
            "google_folder.bootstrap",
            "module.seed_bootstrap.google_folder_iam_member.tmp_project_creator",
            "module.seed_bootstrap.google_organization_iam_member.tmp_project_creator",
            "module.seed_bootstrap.module.seed_project.module.project-factory.google_project.main",
            "module.seed_bootstrap.module.seed_project.module.project-factory.random_id.random_project_id_suffix",
            "module.seed_bootstrap.module.seed_project.module.project-factory.random_string.random_project_id_suffix"
          ]
        },
        {
          "index_key": "appengine.googleapis.com",
          "schema_version": 0,
          "attributes": {
            "disable_dependent_services": true,
            "disable_on_destroy": false,
            "id": "prj-b-seed-3858/appengine.googleapis.com",
            "project": "prj-b-seed-3858",
            "service": "appengine.googleapis.com",
            "timeouts": null
          },
          "sensitive_attributes": [],
          "private": "eyJlMmJmYjczMC1lY2FhLTExZTYtOGY4OC0zNDM2M2JjN2M0YzAiOnsiY3JlYXRlIjoxMjAwMDAwMDAwMDAwLCJkZWxldGUiOjEyMDAwMDAwMDAwMDAsInJlYWQiOjYwMDAwMDAwMDAwMCwidXBkYXRlIjoxMjAwMDAwMDAwMDAwfX0=",
          "dependencies": [
            "google_folder.bootstrap",
            "module.seed_bootstrap.google_folder_iam_member.tmp_project_creator",
            "module.seed_bootstrap.google_organization_iam_member.tmp_project_creator",
            "module.seed_bootstrap.module.seed_project.module.project-factory.google_project.main",
            "module.seed_bootstrap.module.seed_project.module.project-factory.random_id.random_project_id_suffix",
            "module.seed_bootstrap.module.seed_project.module.project-factory.random_string.random_project_id_suffix"
          ]
        },
        {
          "index_key": "bigquery.googleapis.com",
          "schema_version": 0,
          "attributes": {
            "disable_dependent_services": true,
            "disable_on_destroy": false,
            "id": "prj-b-seed-3858/bigquery.googleapis.com",
            "project": "prj-b-seed-3858",
            "service": "bigquery.googleapis.com",
            "timeouts": null
          },
          "sensitive_attributes": [],
          "private": "eyJlMmJmYjczMC1lY2FhLTExZTYtOGY4OC0zNDM2M2JjN2M0YzAiOnsiY3JlYXRlIjoxMjAwMDAwMDAwMDAwLCJkZWxldGUiOjEyMDAwMDAwMDAwMDAsInJlYWQiOjYwMDAwMDAwMDAwMCwidXBkYXRlIjoxMjAwMDAwMDAwMDAwfX0=",
          "dependencies": [
            "google_folder.bootstrap",
            "module.seed_bootstrap.google_folder_iam_member.tmp_project_creator",
            "module.seed_bootstrap.google_organization_iam_member.tmp_project_creator",
            "module.seed_bootstrap.module.seed_project.module.project-factory.google_project.main",
            "module.seed_bootstrap.module.seed_project.module.project-factory.random_id.random_project_id_suffix",
            "module.seed_bootstrap.module.seed_project.module.project-factory.random_string.random_project_id_suffix"
          ]
        },
        {
          "index_key": "billingbudgets.googleapis.com",
          "schema_version": 0,
          "attributes": {
            "disable_dependent_services": true,
            "disable_on_destroy": false,
            "id": "prj-b-seed-3858/billingbudgets.googleapis.com",
            "project": "prj-b-seed-3858",
            "service": "billingbudgets.googleapis.com",
            "timeouts": null
          },
          "sensitive_attributes": [],
          "private": "eyJlMmJmYjczMC1lY2FhLTExZTYtOGY4OC0zNDM2M2JjN2M0YzAiOnsiY3JlYXRlIjoxMjAwMDAwMDAwMDAwLCJkZWxldGUiOjEyMDAwMDAwMDAwMDAsInJlYWQiOjYwMDAwMDAwMDAwMCwidXBkYXRlIjoxMjAwMDAwMDAwMDAwfX0=",
          "dependencies": [
            "google_folder.bootstrap",
            "module.seed_bootstrap.google_folder_iam_member.tmp_project_creator",
            "module.seed_bootstrap.google_organization_iam_member.tmp_project_creator",
            "module.seed_bootstrap.module.seed_project.module.project-factory.google_project.main",
            "module.seed_bootstrap.module.seed_project.module.project-factory.random_id.random_project_id_suffix",
            "module.seed_bootstrap.module.seed_project.module.project-factory.random_string.random_project_id_suffix"
          ]
        },
        {
          "index_key": "cloudbilling.googleapis.com",
          "schema_version": 0,
          "attributes": {
            "disable_dependent_services": true,
            "disable_on_destroy": false,
            "id": "prj-b-seed-3858/cloudbilling.googleapis.com",
            "project": "prj-b-seed-3858",
            "service": "cloudbilling.googleapis.com",
            "timeouts": null
          },
          "sensitive_attributes": [],
          "private": "eyJlMmJmYjczMC1lY2FhLTExZTYtOGY4OC0zNDM2M2JjN2M0YzAiOnsiY3JlYXRlIjoxMjAwMDAwMDAwMDAwLCJkZWxldGUiOjEyMDAwMDAwMDAwMDAsInJlYWQiOjYwMDAwMDAwMDAwMCwidXBkYXRlIjoxMjAwMDAwMDAwMDAwfX0=",
          "dependencies": [
            "google_folder.bootstrap",
            "module.seed_bootstrap.google_folder_iam_member.tmp_project_creator",
            "module.seed_bootstrap.google_organization_iam_member.tmp_project_creator",
            "module.seed_bootstrap.module.seed_project.module.project-factory.google_project.main",
            "module.seed_bootstrap.module.seed_project.module.project-factory.random_id.random_project_id_suffix",
            "module.seed_bootstrap.module.seed_project.module.project-factory.random_string.random_project_id_suffix"
          ]
        },
        {
          "index_key": "cloudbuild.googleapis.com",
          "schema_version": 0,
          "attributes": {
            "disable_dependent_services": true,
            "disable_on_destroy": false,
            "id": "prj-b-seed-3858/cloudbuild.googleapis.com",
            "project": "prj-b-seed-3858",
            "service": "cloudbuild.googleapis.com",
            "timeouts": null
          },
          "sensitive_attributes": [],
          "private": "eyJlMmJmYjczMC1lY2FhLTExZTYtOGY4OC0zNDM2M2JjN2M0YzAiOnsiY3JlYXRlIjoxMjAwMDAwMDAwMDAwLCJkZWxldGUiOjEyMDAwMDAwMDAwMDAsInJlYWQiOjYwMDAwMDAwMDAwMCwidXBkYXRlIjoxMjAwMDAwMDAwMDAwfX0=",
          "dependencies": [
            "google_folder.bootstrap",
            "module.seed_bootstrap.google_folder_iam_member.tmp_project_creator",
            "module.seed_bootstrap.google_organization_iam_member.tmp_project_creator",
            "module.seed_bootstrap.module.seed_project.module.project-factory.google_project.main",
            "module.seed_bootstrap.module.seed_project.module.project-factory.random_id.random_project_id_suffix",
            "module.seed_bootstrap.module.seed_project.module.project-factory.random_string.random_project_id_suffix"
          ]
        },
        {
          "index_key": "cloudkms.googleapis.com",
          "schema_version": 0,
          "attributes": {
            "disable_dependent_services": true,
            "disable_on_destroy": false,
            "id": "prj-b-seed-3858/cloudkms.googleapis.com",
            "project": "prj-b-seed-3858",
            "service": "cloudkms.googleapis.com",
            "timeouts": null
          },
          "sensitive_attributes": [],
          "private": "eyJlMmJmYjczMC1lY2FhLTExZTYtOGY4OC0zNDM2M2JjN2M0YzAiOnsiY3JlYXRlIjoxMjAwMDAwMDAwMDAwLCJkZWxldGUiOjEyMDAwMDAwMDAwMDAsInJlYWQiOjYwMDAwMDAwMDAwMCwidXBkYXRlIjoxMjAwMDAwMDAwMDAwfX0=",
          "dependencies": [
            "google_folder.bootstrap",
            "module.seed_bootstrap.google_folder_iam_member.tmp_project_creator",
            "module.seed_bootstrap.google_organization_iam_member.tmp_project_creator",
            "module.seed_bootstrap.module.seed_project.module.project-factory.google_project.main",
            "module.seed_bootstrap.module.seed_project.module.project-factory.random_id.random_project_id_suffix",
            "module.seed_bootstrap.module.seed_project.module.project-factory.random_string.random_project_id_suffix"
          ]
        },
        {
          "index_key": "cloudresourcemanager.googleapis.com",
          "schema_version": 0,
          "attributes": {
            "disable_dependent_services": true,
            "disable_on_destroy": false,
            "id": "prj-b-seed-3858/cloudresourcemanager.googleapis.com",
            "project": "prj-b-seed-3858",
            "service": "cloudresourcemanager.googleapis.com",
            "timeouts": null
          },
          "sensitive_attributes": [],
          "private": "eyJlMmJmYjczMC1lY2FhLTExZTYtOGY4OC0zNDM2M2JjN2M0YzAiOnsiY3JlYXRlIjoxMjAwMDAwMDAwMDAwLCJkZWxldGUiOjEyMDAwMDAwMDAwMDAsInJlYWQiOjYwMDAwMDAwMDAwMCwidXBkYXRlIjoxMjAwMDAwMDAwMDAwfX0=",
          "dependencies": [
            "google_folder.bootstrap",
            "module.seed_bootstrap.google_folder_iam_member.tmp_project_creator",
            "module.seed_bootstrap.google_organization_iam_member.tmp_project_creator",
            "module.seed_bootstrap.module.seed_project.module.project-factory.google_project.main",
            "module.seed_bootstrap.module.seed_project.module.project-factory.random_id.random_project_id_suffix",
            "module.seed_bootstrap.module.seed_project.module.project-factory.random_string.random_project_id_suffix"
          ]
        },
        {
          "index_key": "compute.googleapis.com",
          "schema_version": 0,
          "attributes": {
            "disable_dependent_services": true,
            "disable_on_destroy": false,
            "id": "prj-b-seed-3858/compute.googleapis.com",
            "project": "prj-b-seed-3858",
            "service": "compute.googleapis.com",
            "timeouts": null
          },
          "sensitive_attributes": [],
          "private": "eyJlMmJmYjczMC1lY2FhLTExZTYtOGY4OC0zNDM2M2JjN2M0YzAiOnsiY3JlYXRlIjoxMjAwMDAwMDAwMDAwLCJkZWxldGUiOjEyMDAwMDAwMDAwMDAsInJlYWQiOjYwMDAwMDAwMDAwMCwidXBkYXRlIjoxMjAwMDAwMDAwMDAwfX0=",
          "dependencies": [
            "google_folder.bootstrap",
            "module.seed_bootstrap.google_folder_iam_member.tmp_project_creator",
            "module.seed_bootstrap.google_organization_iam_member.tmp_project_creator",
            "module.seed_bootstrap.module.seed_project.module.project-factory.google_project.main",
            "module.seed_bootstrap.module.seed_project.module.project-factory.random_id.random_project_id_suffix",
            "module.seed_bootstrap.module.seed_project.module.project-factory.random_string.random_project_id_suffix"
          ]
        },
        {
          "index_key": "essentialcontacts.googleapis.com",
          "schema_version": 0,
          "attributes": {
            "disable_dependent_services": true,
            "disable_on_destroy": false,
            "id": "prj-b-seed-3858/essentialcontacts.googleapis.com",
            "project": "prj-b-seed-3858",
            "service": "essentialcontacts.googleapis.com",
            "timeouts": null
          },
          "sensitive_attributes": [],
          "private": "eyJlMmJmYjczMC1lY2FhLTExZTYtOGY4OC0zNDM2M2JjN2M0YzAiOnsiY3JlYXRlIjoxMjAwMDAwMDAwMDAwLCJkZWxldGUiOjEyMDAwMDAwMDAwMDAsInJlYWQiOjYwMDAwMDAwMDAwMCwidXBkYXRlIjoxMjAwMDAwMDAwMDAwfX0=",
          "dependencies": [
            "google_folder.bootstrap",
            "module.seed_bootstrap.google_folder_iam_member.tmp_project_creator",
            "module.seed_bootstrap.google_organization_iam_member.tmp_project_creator",
            "module.seed_bootstrap.module.seed_project.module.project-factory.google_project.main",
            "module.seed_bootstrap.module.seed_project.module.project-factory.random_id.random_project_id_suffix",
            "module.seed_bootstrap.module.seed_project.module.project-factory.random_string.random_project_id_suffix"
          ]
        },
        {
          "index_key": "iam.googleapis.com",
          "schema_version": 0,
          "attributes": {
            "disable_dependent_services": true,
            "disable_on_destroy": false,
            "id": "prj-b-seed-3858/iam.googleapis.com",
            "project": "prj-b-seed-3858",
            "service": "iam.googleapis.com",
            "timeouts": null
          },
          "sensitive_attributes": [],
          "private": "eyJlMmJmYjczMC1lY2FhLTExZTYtOGY4OC0zNDM2M2JjN2M0YzAiOnsiY3JlYXRlIjoxMjAwMDAwMDAwMDAwLCJkZWxldGUiOjEyMDAwMDAwMDAwMDAsInJlYWQiOjYwMDAwMDAwMDAwMCwidXBkYXRlIjoxMjAwMDAwMDAwMDAwfX0=",
          "dependencies": [
            "google_folder.bootstrap",
            "module.seed_bootstrap.google_folder_iam_member.tmp_project_creator",
            "module.seed_bootstrap.google_organization_iam_member.tmp_project_creator",
            "module.seed_bootstrap.module.seed_project.module.project-factory.google_project.main",
            "module.seed_bootstrap.module.seed_project.module.project-factory.random_id.random_project_id_suffix",
            "module.seed_bootstrap.module.seed_project.module.project-factory.random_string.random_project_id_suffix"
          ]
        },
        {
          "index_key": "iamcredentials.googleapis.com",
          "schema_version": 0,
          "attributes": {
            "disable_dependent_services": true,
            "disable_on_destroy": false,
            "id": "prj-b-seed-3858/iamcredentials.googleapis.com",
            "project": "prj-b-seed-3858",
            "service": "iamcredentials.googleapis.com",
            "timeouts": null
          },
          "sensitive_attributes": [],
          "private": "eyJlMmJmYjczMC1lY2FhLTExZTYtOGY4OC0zNDM2M2JjN2M0YzAiOnsiY3JlYXRlIjoxMjAwMDAwMDAwMDAwLCJkZWxldGUiOjEyMDAwMDAwMDAwMDAsInJlYWQiOjYwMDAwMDAwMDAwMCwidXBkYXRlIjoxMjAwMDAwMDAwMDAwfX0=",
          "dependencies": [
            "google_folder.bootstrap",
            "module.seed_bootstrap.google_folder_iam_member.tmp_project_creator",
            "module.seed_bootstrap.google_organization_iam_member.tmp_project_creator",
            "module.seed_bootstrap.module.seed_project.module.project-factory.google_project.main",
            "module.seed_bootstrap.module.seed_project.module.project-factory.random_id.random_project_id_suffix",
            "module.seed_bootstrap.module.seed_project.module.project-factory.random_string.random_project_id_suffix"
          ]
        },
        {
          "index_key": "logging.googleapis.com",
          "schema_version": 0,
          "attributes": {
            "disable_dependent_services": true,
            "disable_on_destroy": false,
            "id": "prj-b-seed-3858/logging.googleapis.com",
            "project": "prj-b-seed-3858",
            "service": "logging.googleapis.com",
            "timeouts": null
          },
          "sensitive_attributes": [],
          "private": "eyJlMmJmYjczMC1lY2FhLTExZTYtOGY4OC0zNDM2M2JjN2M0YzAiOnsiY3JlYXRlIjoxMjAwMDAwMDAwMDAwLCJkZWxldGUiOjEyMDAwMDAwMDAwMDAsInJlYWQiOjYwMDAwMDAwMDAwMCwidXBkYXRlIjoxMjAwMDAwMDAwMDAwfX0=",
          "dependencies": [
            "google_folder.bootstrap",
            "module.seed_bootstrap.google_folder_iam_member.tmp_project_creator",
            "module.seed_bootstrap.google_organization_iam_member.tmp_project_creator",
            "module.seed_bootstrap.module.seed_project.module.project-factory.google_project.main",
            "module.seed_bootstrap.module.seed_project.module.project-factory.random_id.random_project_id_suffix",
            "module.seed_bootstrap.module.seed_project.module.project-factory.random_string.random_project_id_suffix"
          ]
        },
        {
          "index_key": "monitoring.googleapis.com",
          "schema_version": 0,
          "attributes": {
            "disable_dependent_services": true,
            "disable_on_destroy": false,
            "id": "prj-b-seed-3858/monitoring.googleapis.com",
            "project": "prj-b-seed-3858",
            "service": "monitoring.googleapis.com",
            "timeouts": null
          },
          "sensitive_attributes": [],
          "private": "eyJlMmJmYjczMC1lY2FhLTExZTYtOGY4OC0zNDM2M2JjN2M0YzAiOnsiY3JlYXRlIjoxMjAwMDAwMDAwMDAwLCJkZWxldGUiOjEyMDAwMDAwMDAwMDAsInJlYWQiOjYwMDAwMDAwMDAwMCwidXBkYXRlIjoxMjAwMDAwMDAwMDAwfX0=",
          "dependencies": [
            "google_folder.bootstrap",
            "module.seed_bootstrap.google_folder_iam_member.tmp_project_creator",
            "module.seed_bootstrap.google_organization_iam_member.tmp_project_creator",
            "module.seed_bootstrap.module.seed_project.module.project-factory.google_project.main",
            "module.seed_bootstrap.module.seed_project.module.project-factory.random_id.random_project_id_suffix",
            "module.seed_bootstrap.module.seed_project.module.project-factory.random_string.random_project_id_suffix"
          ]
        },
        {
          "index_key": "pubsub.googleapis.com",
          "schema_version": 0,
          "attributes": {
            "disable_dependent_services": true,
            "disable_on_destroy": false,
            "id": "prj-b-seed-3858/pubsub.googleapis.com",
            "project": "prj-b-seed-3858",
            "service": "pubsub.googleapis.com",
            "timeouts": null
          },
          "sensitive_attributes": [],
          "private": "eyJlMmJmYjczMC1lY2FhLTExZTYtOGY4OC0zNDM2M2JjN2M0YzAiOnsiY3JlYXRlIjoxMjAwMDAwMDAwMDAwLCJkZWxldGUiOjEyMDAwMDAwMDAwMDAsInJlYWQiOjYwMDAwMDAwMDAwMCwidXBkYXRlIjoxMjAwMDAwMDAwMDAwfX0=",
          "dependencies": [
            "google_folder.bootstrap",
            "module.seed_bootstrap.google_folder_iam_member.tmp_project_creator",
            "module.seed_bootstrap.google_organization_iam_member.tmp_project_creator",
            "module.seed_bootstrap.module.seed_project.module.project-factory.google_project.main",
            "module.seed_bootstrap.module.seed_project.module.project-factory.random_id.random_project_id_suffix",
            "module.seed_bootstrap.module.seed_project.module.project-factory.random_string.random_project_id_suffix"
          ]
        },
        {
          "index_key": "securitycenter.googleapis.com",
          "schema_version": 0,
          "attributes": {
            "disable_dependent_services": true,
            "disable_on_destroy": false,
            "id": "prj-b-seed-3858/securitycenter.googleapis.com",
            "project": "prj-b-seed-3858",
            "service": "securitycenter.googleapis.com",
            "timeouts": null
          },
          "sensitive_attributes": [],
          "private": "eyJlMmJmYjczMC1lY2FhLTExZTYtOGY4OC0zNDM2M2JjN2M0YzAiOnsiY3JlYXRlIjoxMjAwMDAwMDAwMDAwLCJkZWxldGUiOjEyMDAwMDAwMDAwMDAsInJlYWQiOjYwMDAwMDAwMDAwMCwidXBkYXRlIjoxMjAwMDAwMDAwMDAwfX0=",
          "dependencies": [
            "google_folder.bootstrap",
            "module.seed_bootstrap.google_folder_iam_member.tmp_project_creator",
            "module.seed_bootstrap.google_organization_iam_member.tmp_project_creator",
            "module.seed_bootstrap.module.seed_project.module.project-factory.google_project.main",
            "module.seed_bootstrap.module.seed_project.module.project-factory.random_id.random_project_id_suffix",
            "module.seed_bootstrap.module.seed_project.module.project-factory.random_string.random_project_id_suffix"
          ]
        },
        {
          "index_key": "servicenetworking.googleapis.com",
          "schema_version": 0,
          "attributes": {
            "disable_dependent_services": true,
            "disable_on_destroy": false,
            "id": "prj-b-seed-3858/servicenetworking.googleapis.com",
            "project": "prj-b-seed-3858",
            "service": "servicenetworking.googleapis.com",
            "timeouts": null
          },
          "sensitive_attributes": [],
          "private": "eyJlMmJmYjczMC1lY2FhLTExZTYtOGY4OC0zNDM2M2JjN2M0YzAiOnsiY3JlYXRlIjoxMjAwMDAwMDAwMDAwLCJkZWxldGUiOjEyMDAwMDAwMDAwMDAsInJlYWQiOjYwMDAwMDAwMDAwMCwidXBkYXRlIjoxMjAwMDAwMDAwMDAwfX0=",
          "dependencies": [
            "google_folder.bootstrap",
            "module.seed_bootstrap.google_folder_iam_member.tmp_project_creator",
            "module.seed_bootstrap.google_organization_iam_member.tmp_project_creator",
            "module.seed_bootstrap.module.seed_project.module.project-factory.google_project.main",
            "module.seed_bootstrap.module.seed_project.module.project-factory.random_id.random_project_id_suffix",
            "module.seed_bootstrap.module.seed_project.module.project-factory.random_string.random_project_id_suffix"
          ]
        },
        {
          "index_key": "serviceusage.googleapis.com",
          "schema_version": 0,
          "attributes": {
            "disable_dependent_services": true,
            "disable_on_destroy": false,
            "id": "prj-b-seed-3858/serviceusage.googleapis.com",
            "project": "prj-b-seed-3858",
            "service": "serviceusage.googleapis.com",
            "timeouts": null
          },
          "sensitive_attributes": [],
          "private": "eyJlMmJmYjczMC1lY2FhLTExZTYtOGY4OC0zNDM2M2JjN2M0YzAiOnsiY3JlYXRlIjoxMjAwMDAwMDAwMDAwLCJkZWxldGUiOjEyMDAwMDAwMDAwMDAsInJlYWQiOjYwMDAwMDAwMDAwMCwidXBkYXRlIjoxMjAwMDAwMDAwMDAwfX0=",
          "dependencies": [
            "google_folder.bootstrap",
            "module.seed_bootstrap.google_folder_iam_member.tmp_project_creator",
            "module.seed_bootstrap.google_organization_iam_member.tmp_project_creator",
            "module.seed_bootstrap.module.seed_project.module.project-factory.google_project.main",
            "module.seed_bootstrap.module.seed_project.module.project-factory.random_id.random_project_id_suffix",
            "module.seed_bootstrap.module.seed_project.module.project-factory.random_string.random_project_id_suffix"
          ]
        },
        {
          "index_key": "sqladmin.googleapis.com",
          "schema_version": 0,
          "attributes": {
            "disable_dependent_services": true,
            "disable_on_destroy": false,
            "id": "prj-b-seed-3858/sqladmin.googleapis.com",
            "project": "prj-b-seed-3858",
            "service": "sqladmin.googleapis.com",
            "timeouts": null
          },
          "sensitive_attributes": [],
          "private": "eyJlMmJmYjczMC1lY2FhLTExZTYtOGY4OC0zNDM2M2JjN2M0YzAiOnsiY3JlYXRlIjoxMjAwMDAwMDAwMDAwLCJkZWxldGUiOjEyMDAwMDAwMDAwMDAsInJlYWQiOjYwMDAwMDAwMDAwMCwidXBkYXRlIjoxMjAwMDAwMDAwMDAwfX0=",
          "dependencies": [
            "google_folder.bootstrap",
            "module.seed_bootstrap.google_folder_iam_member.tmp_project_creator",
            "module.seed_bootstrap.google_organization_iam_member.tmp_project_creator",
            "module.seed_bootstrap.module.seed_project.module.project-factory.google_project.main",
            "module.seed_bootstrap.module.seed_project.module.project-factory.random_id.random_project_id_suffix",
            "module.seed_bootstrap.module.seed_project.module.project-factory.random_string.random_project_id_suffix"
          ]
        },
        {
          "index_key": "storage-api.googleapis.com",
          "schema_version": 0,
          "attributes": {
            "disable_dependent_services": true,
            "disable_on_destroy": false,
            "id": "prj-b-seed-3858/storage-api.googleapis.com",
            "project": "prj-b-seed-3858",
            "service": "storage-api.googleapis.com",
            "timeouts": null
          },
          "sensitive_attributes": [],
          "private": "eyJlMmJmYjczMC1lY2FhLTExZTYtOGY4OC0zNDM2M2JjN2M0YzAiOnsiY3JlYXRlIjoxMjAwMDAwMDAwMDAwLCJkZWxldGUiOjEyMDAwMDAwMDAwMDAsInJlYWQiOjYwMDAwMDAwMDAwMCwidXBkYXRlIjoxMjAwMDAwMDAwMDAwfX0=",
          "dependencies": [
            "google_folder.bootstrap",
            "module.seed_bootstrap.google_folder_iam_member.tmp_project_creator",
            "module.seed_bootstrap.google_organization_iam_member.tmp_project_creator",
            "module.seed_bootstrap.module.seed_project.module.project-factory.google_project.main",
            "module.seed_bootstrap.module.seed_project.module.project-factory.random_id.random_project_id_suffix",
            "module.seed_bootstrap.module.seed_project.module.project-factory.random_string.random_project_id_suffix"
          ]
        }
      ]
    },
    {
      "module": "module.seed_project_iam_member[\"bootstrap\"]",
      "mode": "managed",
      "type": "google_project_iam_member",
      "name": "project_parent_iam",
      "provider": "provider[\"registry.terraform.io/hashicorp/google\"]",
      "instances": [
        {
          "index_key": "roles/iam.serviceAccountAdmin",
          "schema_version": 0,
          "attributes": {
            "condition": [],
            "etag": "BwX3qAFDE5w=",
            "id": "prj-b-seed-3858/roles/iam.serviceAccountAdmin/serviceAccount:sa-terraform-bootstrap@prj-b-seed-3858.iam.gserviceaccount.com",
            "member": "serviceAccount:sa-terraform-bootstrap@prj-b-seed-3858.iam.gserviceaccount.com",
            "project": "prj-b-seed-3858",
            "role": "roles/iam.serviceAccountAdmin"
          },
          "sensitive_attributes": [],
          "private": "bnVsbA==",
          "dependencies": [
            "google_folder.bootstrap",
            "google_service_account.terraform-env-sa",
            "module.seed_bootstrap.google_folder_iam_member.tmp_project_creator",
            "module.seed_bootstrap.google_organization_iam_member.tmp_project_creator",
            "module.seed_bootstrap.module.seed_project.module.project-factory.google_compute_shared_vpc_host_project.shared_vpc_host",
            "module.seed_bootstrap.module.seed_project.module.project-factory.google_compute_shared_vpc_service_project.shared_vpc_attachment",
            "module.seed_bootstrap.module.seed_project.module.project-factory.google_project.main",
            "module.seed_bootstrap.module.seed_project.module.project-factory.module.project_services.data.google_compute_default_service_account.default",
            "module.seed_bootstrap.module.seed_project.module.project-factory.module.project_services.google_project_iam_member.project_service_identity_roles",
            "module.seed_bootstrap.module.seed_project.module.project-factory.module.project_services.google_project_service.project_services",
            "module.seed_bootstrap.module.seed_project.module.project-factory.module.project_services.google_project_service_identity.project_service_identities",
            "module.seed_bootstrap.module.seed_project.module.project-factory.random_id.random_project_id_suffix",
            "module.seed_bootstrap.module.seed_project.module.project-factory.random_string.random_project_id_suffix"
          ]
        },
        {
          "index_key": "roles/resourcemanager.projectDeleter",
          "schema_version": 0,
          "attributes": {
            "condition": [],
            "etag": "BwX3qADTh9A=",
            "id": "prj-b-seed-3858/roles/resourcemanager.projectDeleter/serviceAccount:sa-terraform-bootstrap@prj-b-seed-3858.iam.gserviceaccount.com",
            "member": "serviceAccount:sa-terraform-bootstrap@prj-b-seed-3858.iam.gserviceaccount.com",
            "project": "prj-b-seed-3858",
            "role": "roles/resourcemanager.projectDeleter"
          },
          "sensitive_attributes": [],
          "private": "bnVsbA==",
          "dependencies": [
            "google_folder.bootstrap",
            "google_service_account.terraform-env-sa",
            "module.seed_bootstrap.google_folder_iam_member.tmp_project_creator",
            "module.seed_bootstrap.google_organization_iam_member.tmp_project_creator",
            "module.seed_bootstrap.module.seed_project.module.project-factory.google_compute_shared_vpc_host_project.shared_vpc_host",
            "module.seed_bootstrap.module.seed_project.module.project-factory.google_compute_shared_vpc_service_project.shared_vpc_attachment",
            "module.seed_bootstrap.module.seed_project.module.project-factory.google_project.main",
            "module.seed_bootstrap.module.seed_project.module.project-factory.module.project_services.data.google_compute_default_service_account.default",
            "module.seed_bootstrap.module.seed_project.module.project-factory.module.project_services.google_project_iam_member.project_service_identity_roles",
            "module.seed_bootstrap.module.seed_project.module.project-factory.module.project_services.google_project_service.project_services",
            "module.seed_bootstrap.module.seed_project.module.project-factory.module.project_services.google_project_service_identity.project_service_identities",
            "module.seed_bootstrap.module.seed_project.module.project-factory.random_id.random_project_id_suffix",
            "module.seed_bootstrap.module.seed_project.module.project-factory.random_string.random_project_id_suffix"
          ]
        },
        {
          "index_key": "roles/storage.admin",
          "schema_version": 0,
          "attributes": {
            "condition": [],
            "etag": "BwX3qADTh9A=",
            "id": "prj-b-seed-3858/roles/storage.admin/serviceAccount:sa-terraform-bootstrap@prj-b-seed-3858.iam.gserviceaccount.com",
            "member": "serviceAccount:sa-terraform-bootstrap@prj-b-seed-3858.iam.gserviceaccount.com",
            "project": "prj-b-seed-3858",
            "role": "roles/storage.admin"
          },
          "sensitive_attributes": [],
          "private": "bnVsbA==",
          "dependencies": [
            "google_folder.bootstrap",
            "google_service_account.terraform-env-sa",
            "module.seed_bootstrap.google_folder_iam_member.tmp_project_creator",
            "module.seed_bootstrap.google_organization_iam_member.tmp_project_creator",
            "module.seed_bootstrap.module.seed_project.module.project-factory.google_compute_shared_vpc_host_project.shared_vpc_host",
            "module.seed_bootstrap.module.seed_project.module.project-factory.google_compute_shared_vpc_service_project.shared_vpc_attachment",
            "module.seed_bootstrap.module.seed_project.module.project-factory.google_project.main",
            "module.seed_bootstrap.module.seed_project.module.project-factory.module.project_services.data.google_compute_default_service_account.default",
            "module.seed_bootstrap.module.seed_project.module.project-factory.module.project_services.google_project_iam_member.project_service_identity_roles",
            "module.seed_bootstrap.module.seed_project.module.project-factory.module.project_services.google_project_service.project_services",
            "module.seed_bootstrap.module.seed_project.module.project-factory.module.project_services.google_project_service_identity.project_service_identities",
            "module.seed_bootstrap.module.seed_project.module.project-factory.random_id.random_project_id_suffix",
            "module.seed_bootstrap.module.seed_project.module.project-factory.random_string.random_project_id_suffix"
          ]
        }
      ]
    },
    {
      "module": "module.seed_project_iam_member[\"env\"]",
      "mode": "managed",
      "type": "google_project_iam_member",
      "name": "project_parent_iam",
      "provider": "provider[\"registry.terraform.io/hashicorp/google\"]",
      "instances": [
        {
          "index_key": "roles/storage.objectAdmin",
          "schema_version": 0,
          "attributes": {
            "condition": [],
            "etag": "BwX3qADTh9A=",
            "id": "prj-b-seed-3858/roles/storage.objectAdmin/serviceAccount:sa-terraform-env@prj-b-seed-3858.iam.gserviceaccount.com",
            "member": "serviceAccount:sa-terraform-env@prj-b-seed-3858.iam.gserviceaccount.com",
            "project": "prj-b-seed-3858",
            "role": "roles/storage.objectAdmin"
          },
          "sensitive_attributes": [],
          "private": "bnVsbA==",
          "dependencies": [
            "google_folder.bootstrap",
            "google_service_account.terraform-env-sa",
            "module.seed_bootstrap.google_folder_iam_member.tmp_project_creator",
            "module.seed_bootstrap.google_organization_iam_member.tmp_project_creator",
            "module.seed_bootstrap.module.seed_project.module.project-factory.google_compute_shared_vpc_host_project.shared_vpc_host",
            "module.seed_bootstrap.module.seed_project.module.project-factory.google_compute_shared_vpc_service_project.shared_vpc_attachment",
            "module.seed_bootstrap.module.seed_project.module.project-factory.google_project.main",
            "module.seed_bootstrap.module.seed_project.module.project-factory.module.project_services.data.google_compute_default_service_account.default",
            "module.seed_bootstrap.module.seed_project.module.project-factory.module.project_services.google_project_iam_member.project_service_identity_roles",
            "module.seed_bootstrap.module.seed_project.module.project-factory.module.project_services.google_project_service.project_services",
            "module.seed_bootstrap.module.seed_project.module.project-factory.module.project_services.google_project_service_identity.project_service_identities",
            "module.seed_bootstrap.module.seed_project.module.project-factory.random_id.random_project_id_suffix",
            "module.seed_bootstrap.module.seed_project.module.project-factory.random_string.random_project_id_suffix"
          ]
        }
      ]
    },
    {
      "module": "module.seed_project_iam_member[\"net\"]",
      "mode": "managed",
      "type": "google_project_iam_member",
      "name": "project_parent_iam",
      "provider": "provider[\"registry.terraform.io/hashicorp/google\"]",
      "instances": [
        {
          "index_key": "roles/storage.objectAdmin",
          "schema_version": 0,
          "attributes": {
            "condition": [],
            "etag": "BwX3qAFDE5w=",
            "id": "prj-b-seed-3858/roles/storage.objectAdmin/serviceAccount:sa-terraform-net@prj-b-seed-3858.iam.gserviceaccount.com",
            "member": "serviceAccount:sa-terraform-net@prj-b-seed-3858.iam.gserviceaccount.com",
            "project": "prj-b-seed-3858",
            "role": "roles/storage.objectAdmin"
          },
          "sensitive_attributes": [],
          "private": "bnVsbA==",
          "dependencies": [
            "google_folder.bootstrap",
            "google_service_account.terraform-env-sa",
            "module.seed_bootstrap.google_folder_iam_member.tmp_project_creator",
            "module.seed_bootstrap.google_organization_iam_member.tmp_project_creator",
            "module.seed_bootstrap.module.seed_project.module.project-factory.google_compute_shared_vpc_host_project.shared_vpc_host",
            "module.seed_bootstrap.module.seed_project.module.project-factory.google_compute_shared_vpc_service_project.shared_vpc_attachment",
            "module.seed_bootstrap.module.seed_project.module.project-factory.google_project.main",
            "module.seed_bootstrap.module.seed_project.module.project-factory.module.project_services.data.google_compute_default_service_account.default",
            "module.seed_bootstrap.module.seed_project.module.project-factory.module.project_services.google_project_iam_member.project_service_identity_roles",
            "module.seed_bootstrap.module.seed_project.module.project-factory.module.project_services.google_project_service.project_services",
            "module.seed_bootstrap.module.seed_project.module.project-factory.module.project_services.google_project_service_identity.project_service_identities",
            "module.seed_bootstrap.module.seed_project.module.project-factory.random_id.random_project_id_suffix",
            "module.seed_bootstrap.module.seed_project.module.project-factory.random_string.random_project_id_suffix"
          ]
        }
      ]
    },
    {
      "module": "module.seed_project_iam_member[\"org\"]",
      "mode": "managed",
      "type": "google_project_iam_member",
      "name": "project_parent_iam",
      "provider": "provider[\"registry.terraform.io/hashicorp/google\"]",
      "instances": [
        {
          "index_key": "roles/storage.objectAdmin",
          "schema_version": 0,
          "attributes": {
            "condition": [],
            "etag": "BwX3qADTh9A=",
            "id": "prj-b-seed-3858/roles/storage.objectAdmin/serviceAccount:sa-terraform-org@prj-b-seed-3858.iam.gserviceaccount.com",
            "member": "serviceAccount:sa-terraform-org@prj-b-seed-3858.iam.gserviceaccount.com",
            "project": "prj-b-seed-3858",
            "role": "roles/storage.objectAdmin"
          },
          "sensitive_attributes": [],
          "private": "bnVsbA==",
          "dependencies": [
            "google_folder.bootstrap",
            "google_service_account.terraform-env-sa",
            "module.seed_bootstrap.google_folder_iam_member.tmp_project_creator",
            "module.seed_bootstrap.google_organization_iam_member.tmp_project_creator",
            "module.seed_bootstrap.module.seed_project.module.project-factory.google_compute_shared_vpc_host_project.shared_vpc_host",
            "module.seed_bootstrap.module.seed_project.module.project-factory.google_compute_shared_vpc_service_project.shared_vpc_attachment",
            "module.seed_bootstrap.module.seed_project.module.project-factory.google_project.main",
            "module.seed_bootstrap.module.seed_project.module.project-factory.module.project_services.data.google_compute_default_service_account.default",
            "module.seed_bootstrap.module.seed_project.module.project-factory.module.project_services.google_project_iam_member.project_service_identity_roles",
            "module.seed_bootstrap.module.seed_project.module.project-factory.module.project_services.google_project_service.project_services",
            "module.seed_bootstrap.module.seed_project.module.project-factory.module.project_services.google_project_service_identity.project_service_identities",
            "module.seed_bootstrap.module.seed_project.module.project-factory.random_id.random_project_id_suffix",
            "module.seed_bootstrap.module.seed_project.module.project-factory.random_string.random_project_id_suffix"
          ]
        }
      ]
    },
    {
      "module": "module.seed_project_iam_member[\"proj\"]",
      "mode": "managed",
      "type": "google_project_iam_member",
      "name": "project_parent_iam",
      "provider": "provider[\"registry.terraform.io/hashicorp/google\"]",
      "instances": [
        {
          "index_key": "roles/storage.objectAdmin",
          "schema_version": 0,
          "attributes": {
            "condition": [],
            "etag": "BwX3qADTh9A=",
            "id": "prj-b-seed-3858/roles/storage.objectAdmin/serviceAccount:sa-terraform-proj@prj-b-seed-3858.iam.gserviceaccount.com",
            "member": "serviceAccount:sa-terraform-proj@prj-b-seed-3858.iam.gserviceaccount.com",
            "project": "prj-b-seed-3858",
            "role": "roles/storage.objectAdmin"
          },
          "sensitive_attributes": [],
          "private": "bnVsbA==",
          "dependencies": [
            "google_folder.bootstrap",
            "google_service_account.terraform-env-sa",
            "module.seed_bootstrap.google_folder_iam_member.tmp_project_creator",
            "module.seed_bootstrap.google_organization_iam_member.tmp_project_creator",
            "module.seed_bootstrap.module.seed_project.module.project-factory.google_compute_shared_vpc_host_project.shared_vpc_host",
            "module.seed_bootstrap.module.seed_project.module.project-factory.google_compute_shared_vpc_service_project.shared_vpc_attachment",
            "module.seed_bootstrap.module.seed_project.module.project-factory.google_project.main",
            "module.seed_bootstrap.module.seed_project.module.project-factory.module.project_services.data.google_compute_default_service_account.default",
            "module.seed_bootstrap.module.seed_project.module.project-factory.module.project_services.google_project_iam_member.project_service_identity_roles",
            "module.seed_bootstrap.module.seed_project.module.project-factory.module.project_services.google_project_service.project_services",
            "module.seed_bootstrap.module.seed_project.module.project-factory.module.project_services.google_project_service_identity.project_service_identities",
            "module.seed_bootstrap.module.seed_project.module.project-factory.random_id.random_project_id_suffix",
            "module.seed_bootstrap.module.seed_project.module.project-factory.random_string.random_project_id_suffix"
          ]
        }
      ]
    }
  ],
  "check_results": null
}
